// !$*UTF8*$!
{
	archiveVersion = 1;
	classes = {
	};
	objectVersion = 46;
	objects = {

/* Begin PBXBuildFile section */
		22A22D1B197D6B4200D4560A /* NEOLoginController.m in Sources */ = {isa = PBXBuildFile; fileRef = 22A22D19197D6B4200D4560A /* NEOLoginController.m */; };
		22A22D1C197D6B4200D4560A /* NEOLoginController.xib in Resources */ = {isa = PBXBuildFile; fileRef = 22A22D1A197D6B4200D4560A /* NEOLoginController.xib */; };
		22A22D20197D6B5700D4560A /* NEODashboardController.m in Sources */ = {isa = PBXBuildFile; fileRef = 22A22D1E197D6B5700D4560A /* NEODashboardController.m */; };
		22A22D21197D6B5700D4560A /* NEODashboardController.xib in Resources */ = {isa = PBXBuildFile; fileRef = 22A22D1F197D6B5700D4560A /* NEODashboardController.xib */; };
		22A22D28197D6B7A00D4560A /* NEOBrowseCampaignsController.m in Sources */ = {isa = PBXBuildFile; fileRef = 22A22D26197D6B7A00D4560A /* NEOBrowseCampaignsController.m */; };
		22A22D29197D6B7A00D4560A /* NEOBrowseCampaignsController.xib in Resources */ = {isa = PBXBuildFile; fileRef = 22A22D27197D6B7A00D4560A /* NEOBrowseCampaignsController.xib */; };
		22A22D2D197D6C8400D4560A /* NEOSideMenuController.m in Sources */ = {isa = PBXBuildFile; fileRef = 22A22D2B197D6C8400D4560A /* NEOSideMenuController.m */; };
		22A22D2E197D6C8400D4560A /* NEOSideMenuController.xib in Resources */ = {isa = PBXBuildFile; fileRef = 22A22D2C197D6C8400D4560A /* NEOSideMenuController.xib */; };
		22A9D3E4196F56B900AF6DEB /* Foundation.framework in Frameworks */ = {isa = PBXBuildFile; fileRef = 22A9D3E3196F56B900AF6DEB /* Foundation.framework */; };
		22A9D3E6196F56B900AF6DEB /* CoreGraphics.framework in Frameworks */ = {isa = PBXBuildFile; fileRef = 22A9D3E5196F56B900AF6DEB /* CoreGraphics.framework */; };
		22A9D3E8196F56B900AF6DEB /* UIKit.framework in Frameworks */ = {isa = PBXBuildFile; fileRef = 22A9D3E7196F56B900AF6DEB /* UIKit.framework */; };
		22A9D3EE196F56B900AF6DEB /* InfoPlist.strings in Resources */ = {isa = PBXBuildFile; fileRef = 22A9D3EC196F56B900AF6DEB /* InfoPlist.strings */; };
		22A9D3F0196F56B900AF6DEB /* main.m in Sources */ = {isa = PBXBuildFile; fileRef = 22A9D3EF196F56B900AF6DEB /* main.m */; };
		22A9D3F4196F56B900AF6DEB /* NEOAppDelegate.m in Sources */ = {isa = PBXBuildFile; fileRef = 22A9D3F3196F56B900AF6DEB /* NEOAppDelegate.m */; };
		22A9D3F6196F56B900AF6DEB /* Images.xcassets in Resources */ = {isa = PBXBuildFile; fileRef = 22A9D3F5196F56B900AF6DEB /* Images.xcassets */; };
		22A9D3FD196F56B900AF6DEB /* XCTest.framework in Frameworks */ = {isa = PBXBuildFile; fileRef = 22A9D3FC196F56B900AF6DEB /* XCTest.framework */; };
		22A9D3FE196F56B900AF6DEB /* Foundation.framework in Frameworks */ = {isa = PBXBuildFile; fileRef = 22A9D3E3196F56B900AF6DEB /* Foundation.framework */; };
		22A9D3FF196F56B900AF6DEB /* UIKit.framework in Frameworks */ = {isa = PBXBuildFile; fileRef = 22A9D3E7196F56B900AF6DEB /* UIKit.framework */; };
		22A9D407196F56B900AF6DEB /* InfoPlist.strings in Resources */ = {isa = PBXBuildFile; fileRef = 22A9D405196F56B900AF6DEB /* InfoPlist.strings */; };
		22A9D409196F56B900AF6DEB /* NeoReachTests.m in Sources */ = {isa = PBXBuildFile; fileRef = 22A9D408196F56B900AF6DEB /* NeoReachTests.m */; };
		22A9D4151974385200AF6DEB /* FacebookSDK.framework in Frameworks */ = {isa = PBXBuildFile; fileRef = 22A9D4141974385200AF6DEB /* FacebookSDK.framework */; };
		22D84CF619817BA3008A16E7 /* NEODashboardStatsCell.m in Sources */ = {isa = PBXBuildFile; fileRef = 22D84CF419817BA3008A16E7 /* NEODashboardStatsCell.m */; };
		22D84CF719817BA3008A16E7 /* NEODashboardStatsCell.xib in Resources */ = {isa = PBXBuildFile; fileRef = 22D84CF519817BA3008A16E7 /* NEODashboardStatsCell.xib */; };
		4ECEF3CA198053300054B2B8 /* NEOProfileInfoController.m in Sources */ = {isa = PBXBuildFile; fileRef = 4ECEF3C8198053300054B2B8 /* NEOProfileInfoController.m */; };
		4ECEF3CB198053300054B2B8 /* NEOProfileInfoController.xib in Resources */ = {isa = PBXBuildFile; fileRef = 4ECEF3C9198053300054B2B8 /* NEOProfileInfoController.xib */; };
		C90E4AAD95664C0A8BD74538 /* libPods.a in Frameworks */ = {isa = PBXBuildFile; fileRef = 2B6613254EDF4F968B36F2CF /* libPods.a */; };
/* End PBXBuildFile section */

/* Begin PBXContainerItemProxy section */
		22A9D400196F56B900AF6DEB /* PBXContainerItemProxy */ = {
			isa = PBXContainerItemProxy;
			containerPortal = 22A9D3D8196F56B900AF6DEB /* Project object */;
			proxyType = 1;
			remoteGlobalIDString = 22A9D3DF196F56B900AF6DEB;
			remoteInfo = NeoReach;
		};
/* End PBXContainerItemProxy section */

/* Begin PBXFileReference section */
		0D27BC48314D4EA7918AF464 /* Pods.xcconfig */ = {isa = PBXFileReference; includeInIndex = 1; lastKnownFileType = text.xcconfig; name = Pods.xcconfig; path = Pods/Pods.xcconfig; sourceTree = "<group>"; };
		22A22D18197D6B4200D4560A /* NEOLoginController.h */ = {isa = PBXFileReference; fileEncoding = 4; lastKnownFileType = sourcecode.c.h; path = NEOLoginController.h; sourceTree = "<group>"; };
		22A22D19197D6B4200D4560A /* NEOLoginController.m */ = {isa = PBXFileReference; fileEncoding = 4; lastKnownFileType = sourcecode.c.objc; path = NEOLoginController.m; sourceTree = "<group>"; };
		22A22D1A197D6B4200D4560A /* NEOLoginController.xib */ = {isa = PBXFileReference; fileEncoding = 4; lastKnownFileType = file.xib; path = NEOLoginController.xib; sourceTree = "<group>"; };
		22A22D1D197D6B5700D4560A /* NEODashboardController.h */ = {isa = PBXFileReference; fileEncoding = 4; lastKnownFileType = sourcecode.c.h; path = NEODashboardController.h; sourceTree = "<group>"; };
		22A22D1E197D6B5700D4560A /* NEODashboardController.m */ = {isa = PBXFileReference; fileEncoding = 4; lastKnownFileType = sourcecode.c.objc; path = NEODashboardController.m; sourceTree = "<group>"; };
		22A22D1F197D6B5700D4560A /* NEODashboardController.xib */ = {isa = PBXFileReference; fileEncoding = 4; lastKnownFileType = file.xib; path = NEODashboardController.xib; sourceTree = "<group>"; };
		22A22D25197D6B7A00D4560A /* NEOBrowseCampaignsController.h */ = {isa = PBXFileReference; fileEncoding = 4; lastKnownFileType = sourcecode.c.h; name = NEOBrowseCampaignsController.h; path = ../NEOBrowseCampaignsController.h; sourceTree = "<group>"; };
		22A22D26197D6B7A00D4560A /* NEOBrowseCampaignsController.m */ = {isa = PBXFileReference; fileEncoding = 4; lastKnownFileType = sourcecode.c.objc; name = NEOBrowseCampaignsController.m; path = ../NEOBrowseCampaignsController.m; sourceTree = "<group>"; };
		22A22D27197D6B7A00D4560A /* NEOBrowseCampaignsController.xib */ = {isa = PBXFileReference; fileEncoding = 4; lastKnownFileType = file.xib; name = NEOBrowseCampaignsController.xib; path = ../NEOBrowseCampaignsController.xib; sourceTree = "<group>"; };
		22A22D2A197D6C8400D4560A /* NEOSideMenuController.h */ = {isa = PBXFileReference; fileEncoding = 4; lastKnownFileType = sourcecode.c.h; path = NEOSideMenuController.h; sourceTree = "<group>"; };
		22A22D2B197D6C8400D4560A /* NEOSideMenuController.m */ = {isa = PBXFileReference; fileEncoding = 4; lastKnownFileType = sourcecode.c.objc; path = NEOSideMenuController.m; sourceTree = "<group>"; };
		22A22D2C197D6C8400D4560A /* NEOSideMenuController.xib */ = {isa = PBXFileReference; fileEncoding = 4; lastKnownFileType = file.xib; path = NEOSideMenuController.xib; sourceTree = "<group>"; };
		22A9D3E0196F56B900AF6DEB /* NeoReach.app */ = {isa = PBXFileReference; explicitFileType = wrapper.application; includeInIndex = 0; path = NeoReach.app; sourceTree = BUILT_PRODUCTS_DIR; };
		22A9D3E3196F56B900AF6DEB /* Foundation.framework */ = {isa = PBXFileReference; lastKnownFileType = wrapper.framework; name = Foundation.framework; path = System/Library/Frameworks/Foundation.framework; sourceTree = SDKROOT; };
		22A9D3E5196F56B900AF6DEB /* CoreGraphics.framework */ = {isa = PBXFileReference; lastKnownFileType = wrapper.framework; name = CoreGraphics.framework; path = System/Library/Frameworks/CoreGraphics.framework; sourceTree = SDKROOT; };
		22A9D3E7196F56B900AF6DEB /* UIKit.framework */ = {isa = PBXFileReference; lastKnownFileType = wrapper.framework; name = UIKit.framework; path = System/Library/Frameworks/UIKit.framework; sourceTree = SDKROOT; };
		22A9D3EB196F56B900AF6DEB /* NeoReach-Info.plist */ = {isa = PBXFileReference; lastKnownFileType = text.plist.xml; path = "NeoReach-Info.plist"; sourceTree = "<group>"; };
		22A9D3ED196F56B900AF6DEB /* en */ = {isa = PBXFileReference; lastKnownFileType = text.plist.strings; name = en; path = en.lproj/InfoPlist.strings; sourceTree = "<group>"; };
		22A9D3EF196F56B900AF6DEB /* main.m */ = {isa = PBXFileReference; lastKnownFileType = sourcecode.c.objc; path = main.m; sourceTree = "<group>"; };
		22A9D3F1196F56B900AF6DEB /* NeoReach-Prefix.pch */ = {isa = PBXFileReference; lastKnownFileType = sourcecode.c.h; path = "NeoReach-Prefix.pch"; sourceTree = "<group>"; };
		22A9D3F2196F56B900AF6DEB /* NEOAppDelegate.h */ = {isa = PBXFileReference; lastKnownFileType = sourcecode.c.h; path = NEOAppDelegate.h; sourceTree = "<group>"; };
		22A9D3F3196F56B900AF6DEB /* NEOAppDelegate.m */ = {isa = PBXFileReference; lastKnownFileType = sourcecode.c.objc; path = NEOAppDelegate.m; sourceTree = "<group>"; };
		22A9D3F5196F56B900AF6DEB /* Images.xcassets */ = {isa = PBXFileReference; lastKnownFileType = folder.assetcatalog; path = Images.xcassets; sourceTree = "<group>"; };
		22A9D3FB196F56B900AF6DEB /* NeoReachTests.xctest */ = {isa = PBXFileReference; explicitFileType = wrapper.cfbundle; includeInIndex = 0; path = NeoReachTests.xctest; sourceTree = BUILT_PRODUCTS_DIR; };
		22A9D3FC196F56B900AF6DEB /* XCTest.framework */ = {isa = PBXFileReference; lastKnownFileType = wrapper.framework; name = XCTest.framework; path = Library/Frameworks/XCTest.framework; sourceTree = DEVELOPER_DIR; };
		22A9D404196F56B900AF6DEB /* NeoReachTests-Info.plist */ = {isa = PBXFileReference; lastKnownFileType = text.plist.xml; path = "NeoReachTests-Info.plist"; sourceTree = "<group>"; };
		22A9D406196F56B900AF6DEB /* en */ = {isa = PBXFileReference; lastKnownFileType = text.plist.strings; name = en; path = en.lproj/InfoPlist.strings; sourceTree = "<group>"; };
		22A9D408196F56B900AF6DEB /* NeoReachTests.m */ = {isa = PBXFileReference; lastKnownFileType = sourcecode.c.objc; path = NeoReachTests.m; sourceTree = "<group>"; };
		22A9D4141974385200AF6DEB /* FacebookSDK.framework */ = {isa = PBXFileReference; lastKnownFileType = wrapper.framework; path = FacebookSDK.framework; sourceTree = "<group>"; };
		22D84CF319817BA3008A16E7 /* NEODashboardStatsCell.h */ = {isa = PBXFileReference; fileEncoding = 4; lastKnownFileType = sourcecode.c.h; path = NEODashboardStatsCell.h; sourceTree = "<group>"; };
		22D84CF419817BA3008A16E7 /* NEODashboardStatsCell.m */ = {isa = PBXFileReference; fileEncoding = 4; lastKnownFileType = sourcecode.c.objc; path = NEODashboardStatsCell.m; sourceTree = "<group>"; };
		22D84CF519817BA3008A16E7 /* NEODashboardStatsCell.xib */ = {isa = PBXFileReference; fileEncoding = 4; lastKnownFileType = file.xib; path = NEODashboardStatsCell.xib; sourceTree = "<group>"; };
		2B6613254EDF4F968B36F2CF /* libPods.a */ = {isa = PBXFileReference; explicitFileType = archive.ar; includeInIndex = 0; path = libPods.a; sourceTree = BUILT_PRODUCTS_DIR; };
		4ECEF3C7198053300054B2B8 /* NEOProfileInfoController.h */ = {isa = PBXFileReference; fileEncoding = 4; lastKnownFileType = sourcecode.c.h; path = NEOProfileInfoController.h; sourceTree = "<group>"; };
		4ECEF3C8198053300054B2B8 /* NEOProfileInfoController.m */ = {isa = PBXFileReference; fileEncoding = 4; lastKnownFileType = sourcecode.c.objc; path = NEOProfileInfoController.m; sourceTree = "<group>"; };
		4ECEF3C9198053300054B2B8 /* NEOProfileInfoController.xib */ = {isa = PBXFileReference; fileEncoding = 4; lastKnownFileType = file.xib; path = NEOProfileInfoController.xib; sourceTree = "<group>"; };
/* End PBXFileReference section */

/* Begin PBXFrameworksBuildPhase section */
		22A9D3DD196F56B900AF6DEB /* Frameworks */ = {
			isa = PBXFrameworksBuildPhase;
			buildActionMask = 2147483647;
			files = (
				22A9D3E6196F56B900AF6DEB /* CoreGraphics.framework in Frameworks */,
				22A9D4151974385200AF6DEB /* FacebookSDK.framework in Frameworks */,
				22A9D3E8196F56B900AF6DEB /* UIKit.framework in Frameworks */,
				22A9D3E4196F56B900AF6DEB /* Foundation.framework in Frameworks */,
				C90E4AAD95664C0A8BD74538 /* libPods.a in Frameworks */,
			);
			runOnlyForDeploymentPostprocessing = 0;
		};
		22A9D3F8196F56B900AF6DEB /* Frameworks */ = {
			isa = PBXFrameworksBuildPhase;
			buildActionMask = 2147483647;
			files = (
				22A9D3FD196F56B900AF6DEB /* XCTest.framework in Frameworks */,
				22A9D3FF196F56B900AF6DEB /* UIKit.framework in Frameworks */,
				22A9D3FE196F56B900AF6DEB /* Foundation.framework in Frameworks */,
			);
			runOnlyForDeploymentPostprocessing = 0;
		};
/* End PBXFrameworksBuildPhase section */

/* Begin PBXGroup section */
		22A9D3D7196F56B900AF6DEB = {
			isa = PBXGroup;
			children = (
				22A9D3E9196F56B900AF6DEB /* NeoReach */,
				22A9D402196F56B900AF6DEB /* NeoReachTests */,
				22A9D3E2196F56B900AF6DEB /* Frameworks */,
				22A9D3E1196F56B900AF6DEB /* Products */,
				0D27BC48314D4EA7918AF464 /* Pods.xcconfig */,
			);
			sourceTree = "<group>";
		};
		22A9D3E1196F56B900AF6DEB /* Products */ = {
			isa = PBXGroup;
			children = (
				22A9D3E0196F56B900AF6DEB /* NeoReach.app */,
				22A9D3FB196F56B900AF6DEB /* NeoReachTests.xctest */,
			);
			name = Products;
			sourceTree = "<group>";
		};
		22A9D3E2196F56B900AF6DEB /* Frameworks */ = {
			isa = PBXGroup;
			children = (
				22A9D4141974385200AF6DEB /* FacebookSDK.framework */,
				22A9D3E3196F56B900AF6DEB /* Foundation.framework */,
				22A9D3E5196F56B900AF6DEB /* CoreGraphics.framework */,
				22A9D3E7196F56B900AF6DEB /* UIKit.framework */,
				22A9D3FC196F56B900AF6DEB /* XCTest.framework */,
				2B6613254EDF4F968B36F2CF /* libPods.a */,
			);
			name = Frameworks;
			sourceTree = "<group>";
		};
		22A9D3E9196F56B900AF6DEB /* NeoReach */ = {
			isa = PBXGroup;
			children = (
				22A9D3F2196F56B900AF6DEB /* NEOAppDelegate.h */,
				22A9D3F3196F56B900AF6DEB /* NEOAppDelegate.m */,
				22A9D3F5196F56B900AF6DEB /* Images.xcassets */,
				22A9D3EA196F56B900AF6DEB /* Supporting Files */,
				22A22D25197D6B7A00D4560A /* NEOBrowseCampaignsController.h */,
				22A22D26197D6B7A00D4560A /* NEOBrowseCampaignsController.m */,
				22A22D27197D6B7A00D4560A /* NEOBrowseCampaignsController.xib */,
				22A22D18197D6B4200D4560A /* NEOLoginController.h */,
				22A22D19197D6B4200D4560A /* NEOLoginController.m */,
				22A22D1A197D6B4200D4560A /* NEOLoginController.xib */,
				22A22D2A197D6C8400D4560A /* NEOSideMenuController.h */,
				22A22D2B197D6C8400D4560A /* NEOSideMenuController.m */,
				4ECEF3C7198053300054B2B8 /* NEOProfileInfoController.h */,
				4ECEF3C8198053300054B2B8 /* NEOProfileInfoController.m */,
				4ECEF3C9198053300054B2B8 /* NEOProfileInfoController.xib */,
				22A22D2C197D6C8400D4560A /* NEOSideMenuController.xib */,
				22A22D1D197D6B5700D4560A /* NEODashboardController.h */,
				22A22D1E197D6B5700D4560A /* NEODashboardController.m */,
				22A22D1F197D6B5700D4560A /* NEODashboardController.xib */,
				22D84CF319817BA3008A16E7 /* NEODashboardStatsCell.h */,
				22D84CF419817BA3008A16E7 /* NEODashboardStatsCell.m */,
				22D84CF519817BA3008A16E7 /* NEODashboardStatsCell.xib */,
			);
			path = NeoReach;
			sourceTree = "<group>";
		};
		22A9D3EA196F56B900AF6DEB /* Supporting Files */ = {
			isa = PBXGroup;
			children = (
				22A9D3EB196F56B900AF6DEB /* NeoReach-Info.plist */,
				22A9D3EC196F56B900AF6DEB /* InfoPlist.strings */,
				22A9D3EF196F56B900AF6DEB /* main.m */,
				22A9D3F1196F56B900AF6DEB /* NeoReach-Prefix.pch */,
			);
			name = "Supporting Files";
			sourceTree = "<group>";
		};
		22A9D402196F56B900AF6DEB /* NeoReachTests */ = {
			isa = PBXGroup;
			children = (
				22A9D408196F56B900AF6DEB /* NeoReachTests.m */,
				22A9D403196F56B900AF6DEB /* Supporting Files */,
			);
			path = NeoReachTests;
			sourceTree = "<group>";
		};
		22A9D403196F56B900AF6DEB /* Supporting Files */ = {
			isa = PBXGroup;
			children = (
				22A9D404196F56B900AF6DEB /* NeoReachTests-Info.plist */,
				22A9D405196F56B900AF6DEB /* InfoPlist.strings */,
			);
			name = "Supporting Files";
			sourceTree = "<group>";
		};
/* End PBXGroup section */

/* Begin PBXNativeTarget section */
		22A9D3DF196F56B900AF6DEB /* NeoReach */ = {
			isa = PBXNativeTarget;
			buildConfigurationList = 22A9D40C196F56B900AF6DEB /* Build configuration list for PBXNativeTarget "NeoReach" */;
			buildPhases = (
				44C98A225C054266AD9E76F2 /* Check Pods Manifest.lock */,
				22A9D3DC196F56B900AF6DEB /* Sources */,
				22A9D3DD196F56B900AF6DEB /* Frameworks */,
				22A9D3DE196F56B900AF6DEB /* Resources */,
				F2735704D83C46B485B0D567 /* Copy Pods Resources */,
			);
			buildRules = (
			);
			dependencies = (
			);
			name = NeoReach;
			productName = NeoReach;
			productReference = 22A9D3E0196F56B900AF6DEB /* NeoReach.app */;
			productType = "com.apple.product-type.application";
		};
		22A9D3FA196F56B900AF6DEB /* NeoReachTests */ = {
			isa = PBXNativeTarget;
			buildConfigurationList = 22A9D40F196F56B900AF6DEB /* Build configuration list for PBXNativeTarget "NeoReachTests" */;
			buildPhases = (
				22A9D3F7196F56B900AF6DEB /* Sources */,
				22A9D3F8196F56B900AF6DEB /* Frameworks */,
				22A9D3F9196F56B900AF6DEB /* Resources */,
			);
			buildRules = (
			);
			dependencies = (
				22A9D401196F56B900AF6DEB /* PBXTargetDependency */,
			);
			name = NeoReachTests;
			productName = NeoReachTests;
			productReference = 22A9D3FB196F56B900AF6DEB /* NeoReachTests.xctest */;
			productType = "com.apple.product-type.bundle.unit-test";
		};
/* End PBXNativeTarget section */

/* Begin PBXProject section */
		22A9D3D8196F56B900AF6DEB /* Project object */ = {
			isa = PBXProject;
			attributes = {
				CLASSPREFIX = NEO;
				LastUpgradeCheck = 0510;
				ORGANIZATIONNAME = NeoReach;
				TargetAttributes = {
					22A9D3FA196F56B900AF6DEB = {
						TestTargetID = 22A9D3DF196F56B900AF6DEB;
					};
				};
			};
			buildConfigurationList = 22A9D3DB196F56B900AF6DEB /* Build configuration list for PBXProject "NeoReach" */;
			compatibilityVersion = "Xcode 3.2";
			developmentRegion = English;
			hasScannedForEncodings = 0;
			knownRegions = (
				en,
			);
			mainGroup = 22A9D3D7196F56B900AF6DEB;
			productRefGroup = 22A9D3E1196F56B900AF6DEB /* Products */;
			projectDirPath = "";
			projectRoot = "";
			targets = (
				22A9D3DF196F56B900AF6DEB /* NeoReach */,
				22A9D3FA196F56B900AF6DEB /* NeoReachTests */,
			);
		};
/* End PBXProject section */

/* Begin PBXResourcesBuildPhase section */
		22A9D3DE196F56B900AF6DEB /* Resources */ = {
			isa = PBXResourcesBuildPhase;
			buildActionMask = 2147483647;
			files = (
				22A9D3EE196F56B900AF6DEB /* InfoPlist.strings in Resources */,
				22A22D21197D6B5700D4560A /* NEODashboardController.xib in Resources */,
				4ECEF3CB198053300054B2B8 /* NEOProfileInfoController.xib in Resources */,
				22D84CF719817BA3008A16E7 /* NEODashboardStatsCell.xib in Resources */,
				22A22D29197D6B7A00D4560A /* NEOBrowseCampaignsController.xib in Resources */,
				22A22D1C197D6B4200D4560A /* NEOLoginController.xib in Resources */,
				22A22D2E197D6C8400D4560A /* NEOSideMenuController.xib in Resources */,
				22A9D3F6196F56B900AF6DEB /* Images.xcassets in Resources */,
			);
			runOnlyForDeploymentPostprocessing = 0;
		};
		22A9D3F9196F56B900AF6DEB /* Resources */ = {
			isa = PBXResourcesBuildPhase;
			buildActionMask = 2147483647;
			files = (
				22A9D407196F56B900AF6DEB /* InfoPlist.strings in Resources */,
			);
			runOnlyForDeploymentPostprocessing = 0;
		};
/* End PBXResourcesBuildPhase section */

/* Begin PBXShellScriptBuildPhase section */
		44C98A225C054266AD9E76F2 /* Check Pods Manifest.lock */ = {
			isa = PBXShellScriptBuildPhase;
			buildActionMask = 2147483647;
			files = (
			);
			inputPaths = (
			);
			name = "Check Pods Manifest.lock";
			outputPaths = (
			);
			runOnlyForDeploymentPostprocessing = 0;
			shellPath = /bin/sh;
			shellScript = "diff \"${PODS_ROOT}/../Podfile.lock\" \"${PODS_ROOT}/Manifest.lock\" > /dev/null\nif [[ $? != 0 ]] ; then\n    cat << EOM\nerror: The sandbox is not in sync with the Podfile.lock. Run 'pod install' or update your CocoaPods installation.\nEOM\n    exit 1\nfi\n";
			showEnvVarsInLog = 0;
		};
		F2735704D83C46B485B0D567 /* Copy Pods Resources */ = {
			isa = PBXShellScriptBuildPhase;
			buildActionMask = 2147483647;
			files = (
			);
			inputPaths = (
			);
			name = "Copy Pods Resources";
			outputPaths = (
			);
			runOnlyForDeploymentPostprocessing = 0;
			shellPath = /bin/sh;
			shellScript = "\"${SRCROOT}/Pods/Pods-resources.sh\"\n";
			showEnvVarsInLog = 0;
		};
/* End PBXShellScriptBuildPhase section */

/* Begin PBXSourcesBuildPhase section */
		22A9D3DC196F56B900AF6DEB /* Sources */ = {
			isa = PBXSourcesBuildPhase;
			buildActionMask = 2147483647;
			files = (
				22A22D1B197D6B4200D4560A /* NEOLoginController.m in Sources */,
				22A22D20197D6B5700D4560A /* NEODashboardController.m in Sources */,
				22A22D2D197D6C8400D4560A /* NEOSideMenuController.m in Sources */,
				22D84CF619817BA3008A16E7 /* NEODashboardStatsCell.m in Sources */,
				22A22D28197D6B7A00D4560A /* NEOBrowseCampaignsController.m in Sources */,
				22A9D3F0196F56B900AF6DEB /* main.m in Sources */,
				4ECEF3CA198053300054B2B8 /* NEOProfileInfoController.m in Sources */,
				22A9D3F4196F56B900AF6DEB /* NEOAppDelegate.m in Sources */,
			);
			runOnlyForDeploymentPostprocessing = 0;
		};
		22A9D3F7196F56B900AF6DEB /* Sources */ = {
			isa = PBXSourcesBuildPhase;
			buildActionMask = 2147483647;
			files = (
				22A9D409196F56B900AF6DEB /* NeoReachTests.m in Sources */,
			);
			runOnlyForDeploymentPostprocessing = 0;
		};
/* End PBXSourcesBuildPhase section */

/* Begin PBXTargetDependency section */
		22A9D401196F56B900AF6DEB /* PBXTargetDependency */ = {
			isa = PBXTargetDependency;
			target = 22A9D3DF196F56B900AF6DEB /* NeoReach */;
			targetProxy = 22A9D400196F56B900AF6DEB /* PBXContainerItemProxy */;
		};
/* End PBXTargetDependency section */

/* Begin PBXVariantGroup section */
		22A9D3EC196F56B900AF6DEB /* InfoPlist.strings */ = {
			isa = PBXVariantGroup;
			children = (
				22A9D3ED196F56B900AF6DEB /* en */,
			);
			name = InfoPlist.strings;
			sourceTree = "<group>";
		};
		22A9D405196F56B900AF6DEB /* InfoPlist.strings */ = {
			isa = PBXVariantGroup;
			children = (
				22A9D406196F56B900AF6DEB /* en */,
			);
			name = InfoPlist.strings;
			sourceTree = "<group>";
		};
/* End PBXVariantGroup section */

/* Begin XCBuildConfiguration section */
		22A9D40A196F56B900AF6DEB /* Debug */ = {
			isa = XCBuildConfiguration;
			buildSettings = {
				ALWAYS_SEARCH_USER_PATHS = NO;
				CLANG_CXX_LANGUAGE_STANDARD = "gnu++0x";
				CLANG_CXX_LIBRARY = "libc++";
				CLANG_ENABLE_MODULES = YES;
				CLANG_ENABLE_OBJC_ARC = YES;
				CLANG_WARN_BOOL_CONVERSION = YES;
				CLANG_WARN_CONSTANT_CONVERSION = YES;
				CLANG_WARN_DIRECT_OBJC_ISA_USAGE = YES_ERROR;
				CLANG_WARN_EMPTY_BODY = YES;
				CLANG_WARN_ENUM_CONVERSION = YES;
				CLANG_WARN_INT_CONVERSION = YES;
				CLANG_WARN_OBJC_ROOT_CLASS = YES_ERROR;
				CLANG_WARN__DUPLICATE_METHOD_MATCH = YES;
				"CODE_SIGN_IDENTITY[sdk=iphoneos*]" = "iPhone Developer";
				COPY_PHASE_STRIP = NO;
				GCC_C_LANGUAGE_STANDARD = gnu99;
				GCC_DYNAMIC_NO_PIC = NO;
				GCC_OPTIMIZATION_LEVEL = 0;
				GCC_PREPROCESSOR_DEFINITIONS = (
					"DEBUG=1",
					"$(inherited)",
				);
				GCC_SYMBOLS_PRIVATE_EXTERN = NO;
				GCC_WARN_64_TO_32_BIT_CONVERSION = YES;
				GCC_WARN_ABOUT_RETURN_TYPE = YES_ERROR;
				GCC_WARN_UNDECLARED_SELECTOR = YES;
				GCC_WARN_UNINITIALIZED_AUTOS = YES_AGGRESSIVE;
				GCC_WARN_UNUSED_FUNCTION = YES;
				GCC_WARN_UNUSED_VARIABLE = YES;
				IPHONEOS_DEPLOYMENT_TARGET = 7.1;
				ONLY_ACTIVE_ARCH = YES;
				SDKROOT = iphoneos;
			};
			name = Debug;
		};
		22A9D40B196F56B900AF6DEB /* Release */ = {
			isa = XCBuildConfiguration;
			buildSettings = {
				ALWAYS_SEARCH_USER_PATHS = NO;
				CLANG_CXX_LANGUAGE_STANDARD = "gnu++0x";
				CLANG_CXX_LIBRARY = "libc++";
				CLANG_ENABLE_MODULES = YES;
				CLANG_ENABLE_OBJC_ARC = YES;
				CLANG_WARN_BOOL_CONVERSION = YES;
				CLANG_WARN_CONSTANT_CONVERSION = YES;
				CLANG_WARN_DIRECT_OBJC_ISA_USAGE = YES_ERROR;
				CLANG_WARN_EMPTY_BODY = YES;
				CLANG_WARN_ENUM_CONVERSION = YES;
				CLANG_WARN_INT_CONVERSION = YES;
				CLANG_WARN_OBJC_ROOT_CLASS = YES_ERROR;
				CLANG_WARN__DUPLICATE_METHOD_MATCH = YES;
				"CODE_SIGN_IDENTITY[sdk=iphoneos*]" = "iPhone Developer";
				COPY_PHASE_STRIP = YES;
				ENABLE_NS_ASSERTIONS = NO;
				GCC_C_LANGUAGE_STANDARD = gnu99;
				GCC_WARN_64_TO_32_BIT_CONVERSION = YES;
				GCC_WARN_ABOUT_RETURN_TYPE = YES_ERROR;
				GCC_WARN_UNDECLARED_SELECTOR = YES;
				GCC_WARN_UNINITIALIZED_AUTOS = YES_AGGRESSIVE;
				GCC_WARN_UNUSED_FUNCTION = YES;
				GCC_WARN_UNUSED_VARIABLE = YES;
				IPHONEOS_DEPLOYMENT_TARGET = 7.1;
				SDKROOT = iphoneos;
				VALIDATE_PRODUCT = YES;
			};
			name = Release;
		};
		22A9D40D196F56B900AF6DEB /* Debug */ = {
			isa = XCBuildConfiguration;
			baseConfigurationReference = 0D27BC48314D4EA7918AF464 /* Pods.xcconfig */;
			buildSettings = {
				ASSETCATALOG_COMPILER_APPICON_NAME = AppIcon;
				ASSETCATALOG_COMPILER_LAUNCHIMAGE_NAME = LaunchImage;
				FRAMEWORK_SEARCH_PATHS = (
					"$(inherited)",
					"$(PROJECT_DIR)",
				);
				GCC_PRECOMPILE_PREFIX_HEADER = YES;
				GCC_PREFIX_HEADER = "NeoReach/NeoReach-Prefix.pch";
				INFOPLIST_FILE = "NeoReach/NeoReach-Info.plist";
				"OTHER_LDFLAGS[arch=*]" = "-ObjC";
				PRODUCT_NAME = "$(TARGET_NAME)";
				WRAPPER_EXTENSION = app;
			};
			name = Debug;
		};
		22A9D40E196F56B900AF6DEB /* Release */ = {
			isa = XCBuildConfiguration;
			baseConfigurationReference = 0D27BC48314D4EA7918AF464 /* Pods.xcconfig */;
			buildSettings = {
				ASSETCATALOG_COMPILER_APPICON_NAME = AppIcon;
				ASSETCATALOG_COMPILER_LAUNCHIMAGE_NAME = LaunchImage;
				FRAMEWORK_SEARCH_PATHS = (
					"$(inherited)",
					"$(PROJECT_DIR)",
				);
				GCC_PRECOMPILE_PREFIX_HEADER = YES;
				GCC_PREFIX_HEADER = "NeoReach/NeoReach-Prefix.pch";
				INFOPLIST_FILE = "NeoReach/NeoReach-Info.plist";
				"OTHER_LDFLAGS[arch=*]" = "-ObjC";
				PRODUCT_NAME = "$(TARGET_NAME)";
				WRAPPER_EXTENSION = app;
			};
			name = Release;
		};
		22A9D410196F56B900AF6DEB /* Debug */ = {
			isa = XCBuildConfiguration;
			buildSettings = {
				BUNDLE_LOADER = "$(BUILT_PRODUCTS_DIR)/NeoReach.app/NeoReach";
				FRAMEWORK_SEARCH_PATHS = (
					"$(SDKROOT)/Developer/Library/Frameworks",
					"$(inherited)",
					"$(DEVELOPER_FRAMEWORKS_DIR)",
				);
				GCC_PRECOMPILE_PREFIX_HEADER = YES;
				GCC_PREFIX_HEADER = "NeoReach/NeoReach-Prefix.pch";
				GCC_PREPROCESSOR_DEFINITIONS = (
					"DEBUG=1",
					"$(inherited)",
				);
				INFOPLIST_FILE = "NeoReachTests/NeoReachTests-Info.plist";
				PRODUCT_NAME = "$(TARGET_NAME)";
				TEST_HOST = "$(BUNDLE_LOADER)";
				WRAPPER_EXTENSION = xctest;
			};
			name = Debug;
		};
		22A9D411196F56B900AF6DEB /* Release */ = {
			isa = XCBuildConfiguration;
			buildSettings = {
				BUNDLE_LOADER = "$(BUILT_PRODUCTS_DIR)/NeoReach.app/NeoReach";
				FRAMEWORK_SEARCH_PATHS = (
					"$(SDKROOT)/Developer/Library/Frameworks",
					"$(inherited)",
					"$(DEVELOPER_FRAMEWORKS_DIR)",
				);
				GCC_PRECOMPILE_PREFIX_HEADER = YES;
				GCC_PREFIX_HEADER = "NeoReach/NeoReach-Prefix.pch";
				INFOPLIST_FILE = "NeoReachTests/NeoReachTests-Info.plist";
				PRODUCT_NAME = "$(TARGET_NAME)";
				TEST_HOST = "$(BUNDLE_LOADER)";
				WRAPPER_EXTENSION = xctest;
			};
			name = Release;
		};
/* End XCBuildConfiguration section */

/* Begin XCConfigurationList section */
		22A9D3DB196F56B900AF6DEB /* Build configuration list for PBXProject "NeoReach" */ = {
			isa = XCConfigurationList;
			buildConfigurations = (
				22A9D40A196F56B900AF6DEB /* Debug */,
				22A9D40B196F56B900AF6DEB /* Release */,
			);
			defaultConfigurationIsVisible = 0;
			defaultConfigurationName = Release;
		};
		22A9D40C196F56B900AF6DEB /* Build configuration list for PBXNativeTarget "NeoReach" */ = {
			isa = XCConfigurationList;
			buildConfigurations = (
				22A9D40D196F56B900AF6DEB /* Debug */,
				22A9D40E196F56B900AF6DEB /* Release */,
			);
			defaultConfigurationIsVisible = 0;
			defaultConfigurationName = Release;
		};
		22A9D40F196F56B900AF6DEB /* Build configuration list for PBXNativeTarget "NeoReachTests" */ = {
			isa = XCConfigurationList;
			buildConfigurations = (
				22A9D410196F56B900AF6DEB /* Debug */,
				22A9D411196F56B900AF6DEB /* Release */,
			);
			defaultConfigurationIsVisible = 0;
			defaultConfigurationName = Release;
		};
/* End XCConfigurationList section */
	};
	rootObject = 22A9D3D8196F56B900AF6DEB /* Project object */;
}
