// !$*UTF8*$!
{
	archiveVersion = 1;
	classes = {
	};
	objectVersion = 46;
	objects = {

/* Begin PBXBuildFile section */
		22698A8C1982C7D3007A7255 /* NEOCircleView.m in Sources */ = {isa = PBXBuildFile; fileRef = 22698A8B1982C7D3007A7255 /* NEOCircleView.m */; };
		227F2E39198C136D009E66BC /* NEOUser.m in Sources */ = {isa = PBXBuildFile; fileRef = 227F2E38198C136D009E66BC /* NEOUser.m */; };
		227F2E3C198C4167009E66BC /* NEOCampaign.m in Sources */ = {isa = PBXBuildFile; fileRef = 227F2E3B198C4167009E66BC /* NEOCampaign.m */; };
		22A22D1B197D6B4200D4560A /* NEOLoginController.m in Sources */ = {isa = PBXBuildFile; fileRef = 22A22D19197D6B4200D4560A /* NEOLoginController.m */; };
		22A22D1C197D6B4200D4560A /* NEOLoginController.xib in Resources */ = {isa = PBXBuildFile; fileRef = 22A22D1A197D6B4200D4560A /* NEOLoginController.xib */; };
		22A22D20197D6B5700D4560A /* NEODashboardController.m in Sources */ = {isa = PBXBuildFile; fileRef = 22A22D1E197D6B5700D4560A /* NEODashboardController.m */; };
		22A22D21197D6B5700D4560A /* NEODashboardController.xib in Resources */ = {isa = PBXBuildFile; fileRef = 22A22D1F197D6B5700D4560A /* NEODashboardController.xib */; };
		22A22D28197D6B7A00D4560A /* NEOBrowseCampaignsController.m in Sources */ = {isa = PBXBuildFile; fileRef = 22A22D26197D6B7A00D4560A /* NEOBrowseCampaignsController.m */; };
		22A22D29197D6B7A00D4560A /* NEOBrowseCampaignsController.xib in Resources */ = {isa = PBXBuildFile; fileRef = 22A22D27197D6B7A00D4560A /* NEOBrowseCampaignsController.xib */; };
		22A22D2D197D6C8400D4560A /* NEOSideMenuController.m in Sources */ = {isa = PBXBuildFile; fileRef = 22A22D2B197D6C8400D4560A /* NEOSideMenuController.m */; };
		22A22D2E197D6C8400D4560A /* NEOSideMenuController.xib in Resources */ = {isa = PBXBuildFile; fileRef = 22A22D2C197D6C8400D4560A /* NEOSideMenuController.xib */; };
		22A9D3E4196F56B900AF6DEB /* Foundation.framework in Frameworks */ = {isa = PBXBuildFile; fileRef = 22A9D3E3196F56B900AF6DEB /* Foundation.framework */; };
		22A9D3E6196F56B900AF6DEB /* CoreGraphics.framework in Frameworks */ = {isa = PBXBuildFile; fileRef = 22A9D3E5196F56B900AF6DEB /* CoreGraphics.framework */; };
		22A9D3E8196F56B900AF6DEB /* UIKit.framework in Frameworks */ = {isa = PBXBuildFile; fileRef = 22A9D3E7196F56B900AF6DEB /* UIKit.framework */; };
		22A9D3EE196F56B900AF6DEB /* InfoPlist.strings in Resources */ = {isa = PBXBuildFile; fileRef = 22A9D3EC196F56B900AF6DEB /* InfoPlist.strings */; };
		22A9D3F0196F56B900AF6DEB /* main.m in Sources */ = {isa = PBXBuildFile; fileRef = 22A9D3EF196F56B900AF6DEB /* main.m */; };
		22A9D3F4196F56B900AF6DEB /* NEOAppDelegate.m in Sources */ = {isa = PBXBuildFile; fileRef = 22A9D3F3196F56B900AF6DEB /* NEOAppDelegate.m */; };
		22A9D3F6196F56B900AF6DEB /* Images.xcassets in Resources */ = {isa = PBXBuildFile; fileRef = 22A9D3F5196F56B900AF6DEB /* Images.xcassets */; };
		22A9D3FD196F56B900AF6DEB /* XCTest.framework in Frameworks */ = {isa = PBXBuildFile; fileRef = 22A9D3FC196F56B900AF6DEB /* XCTest.framework */; };
		22A9D3FE196F56B900AF6DEB /* Foundation.framework in Frameworks */ = {isa = PBXBuildFile; fileRef = 22A9D3E3196F56B900AF6DEB /* Foundation.framework */; };
		22A9D3FF196F56B900AF6DEB /* UIKit.framework in Frameworks */ = {isa = PBXBuildFile; fileRef = 22A9D3E7196F56B900AF6DEB /* UIKit.framework */; };
		22A9D407196F56B900AF6DEB /* InfoPlist.strings in Resources */ = {isa = PBXBuildFile; fileRef = 22A9D405196F56B900AF6DEB /* InfoPlist.strings */; };
		22A9D409196F56B900AF6DEB /* NeoReachTests.m in Sources */ = {isa = PBXBuildFile; fileRef = 22A9D408196F56B900AF6DEB /* NeoReachTests.m */; };
		22C8A7D01982F3A6007B16CA /* NEOBrowseLogosCell.m in Sources */ = {isa = PBXBuildFile; fileRef = 22C8A7CE1982F3A6007B16CA /* NEOBrowseLogosCell.m */; };
		22C8A7D11982F3A6007B16CA /* NEOBrowseLogosCell.xib in Resources */ = {isa = PBXBuildFile; fileRef = 22C8A7CF1982F3A6007B16CA /* NEOBrowseLogosCell.xib */; };
		22C8A7D81982F3CE007B16CA /* NEOBrowseDetailsCell.m in Sources */ = {isa = PBXBuildFile; fileRef = 22C8A7D61982F3CE007B16CA /* NEOBrowseDetailsCell.m */; };
		22C8A7D91982F3CE007B16CA /* NEOBrowseDetailsCell.xib in Resources */ = {isa = PBXBuildFile; fileRef = 22C8A7D71982F3CE007B16CA /* NEOBrowseDetailsCell.xib */; };
		22C8A7DD19830A67007B16CA /* NEOBrowseGenLinkCell.m in Sources */ = {isa = PBXBuildFile; fileRef = 22C8A7DB19830A67007B16CA /* NEOBrowseGenLinkCell.m */; };
		22C8A7DE19830A67007B16CA /* NEOBrowseGenLinkCell.xib in Resources */ = {isa = PBXBuildFile; fileRef = 22C8A7DC19830A67007B16CA /* NEOBrowseGenLinkCell.xib */; };
		22D84CF619817BA3008A16E7 /* NEODashboardStatsCell.m in Sources */ = {isa = PBXBuildFile; fileRef = 22D84CF419817BA3008A16E7 /* NEODashboardStatsCell.m */; };
		22D84CF719817BA3008A16E7 /* NEODashboardStatsCell.xib in Resources */ = {isa = PBXBuildFile; fileRef = 22D84CF519817BA3008A16E7 /* NEODashboardStatsCell.xib */; };
		22D84CFC19819E0C008A16E7 /* NEODashboardHeaderCell.m in Sources */ = {isa = PBXBuildFile; fileRef = 22D84CFA19819E0C008A16E7 /* NEODashboardHeaderCell.m */; };
		22D84CFD19819E0C008A16E7 /* NEODashboardHeaderCell.xib in Resources */ = {isa = PBXBuildFile; fileRef = 22D84CFB19819E0C008A16E7 /* NEODashboardHeaderCell.xib */; };
		22D84D0119819E41008A16E7 /* NEODashboardPostCell.m in Sources */ = {isa = PBXBuildFile; fileRef = 22D84CFF19819E41008A16E7 /* NEODashboardPostCell.m */; };
		22D84D0219819E41008A16E7 /* NEODashboardPostCell.xib in Resources */ = {isa = PBXBuildFile; fileRef = 22D84D0019819E41008A16E7 /* NEODashboardPostCell.xib */; };
		22D84D071981ADC8008A16E7 /* (null) in Resources */ = {isa = PBXBuildFile; };
		4E6368881986C37400FFF5A1 /* NEOTagsController.m in Sources */ = {isa = PBXBuildFile; fileRef = 4E6368861986C37400FFF5A1 /* NEOTagsController.m */; };
		4E6368891986C37400FFF5A1 /* NEOTagsController.xib in Resources */ = {isa = PBXBuildFile; fileRef = 4E6368871986C37400FFF5A1 /* NEOTagsController.xib */; };
		4E7AF52C1988826C00FD1022 /* Lato-Black.ttf in Resources */ = {isa = PBXBuildFile; fileRef = 4E7AF5181988826C00FD1022 /* Lato-Black.ttf */; };
		4E7AF52D1988826C00FD1022 /* Lato-BlackItalic.ttf in Resources */ = {isa = PBXBuildFile; fileRef = 4E7AF5191988826C00FD1022 /* Lato-BlackItalic.ttf */; };
		4E7AF52E1988826C00FD1022 /* Lato-Bold.ttf in Resources */ = {isa = PBXBuildFile; fileRef = 4E7AF51A1988826C00FD1022 /* Lato-Bold.ttf */; };
		4E7AF52F1988826C00FD1022 /* Lato-BoldItalic.ttf in Resources */ = {isa = PBXBuildFile; fileRef = 4E7AF51B1988826C00FD1022 /* Lato-BoldItalic.ttf */; };
		4E7AF5301988826C00FD1022 /* Lato-Hairline.ttf in Resources */ = {isa = PBXBuildFile; fileRef = 4E7AF51C1988826C00FD1022 /* Lato-Hairline.ttf */; };
		4E7AF5311988826C00FD1022 /* Lato-HairlineItalic.ttf in Resources */ = {isa = PBXBuildFile; fileRef = 4E7AF51D1988826C00FD1022 /* Lato-HairlineItalic.ttf */; };
		4E7AF5321988826C00FD1022 /* Lato-Heavy.ttf in Resources */ = {isa = PBXBuildFile; fileRef = 4E7AF51E1988826C00FD1022 /* Lato-Heavy.ttf */; };
		4E7AF5331988826C00FD1022 /* Lato-HeavyItalic.ttf in Resources */ = {isa = PBXBuildFile; fileRef = 4E7AF51F1988826C00FD1022 /* Lato-HeavyItalic.ttf */; };
		4E7AF5341988826C00FD1022 /* Lato-Italic.ttf in Resources */ = {isa = PBXBuildFile; fileRef = 4E7AF5201988826C00FD1022 /* Lato-Italic.ttf */; };
		4E7AF5351988826C00FD1022 /* Lato-Light.ttf in Resources */ = {isa = PBXBuildFile; fileRef = 4E7AF5211988826C00FD1022 /* Lato-Light.ttf */; };
		4E7AF5361988826C00FD1022 /* Lato-LightItalic.ttf in Resources */ = {isa = PBXBuildFile; fileRef = 4E7AF5221988826C00FD1022 /* Lato-LightItalic.ttf */; };
		4E7AF5371988826C00FD1022 /* Lato-Medium.ttf in Resources */ = {isa = PBXBuildFile; fileRef = 4E7AF5231988826C00FD1022 /* Lato-Medium.ttf */; };
		4E7AF5381988826C00FD1022 /* Lato-MediumItalic.ttf in Resources */ = {isa = PBXBuildFile; fileRef = 4E7AF5241988826C00FD1022 /* Lato-MediumItalic.ttf */; };
		4E7AF5391988826C00FD1022 /* Lato-Regular.ttf in Resources */ = {isa = PBXBuildFile; fileRef = 4E7AF5251988826C00FD1022 /* Lato-Regular.ttf */; };
		4E7AF53A1988826C00FD1022 /* Lato-Semibold.ttf in Resources */ = {isa = PBXBuildFile; fileRef = 4E7AF5261988826C00FD1022 /* Lato-Semibold.ttf */; };
		4E7AF53B1988826C00FD1022 /* Lato-SemiboldItalic.ttf in Resources */ = {isa = PBXBuildFile; fileRef = 4E7AF5271988826C00FD1022 /* Lato-SemiboldItalic.ttf */; };
		4E7AF53C1988826C00FD1022 /* Lato-Thin.ttf in Resources */ = {isa = PBXBuildFile; fileRef = 4E7AF5281988826C00FD1022 /* Lato-Thin.ttf */; };
		4E7AF53D1988826C00FD1022 /* Lato-ThinItalic.ttf in Resources */ = {isa = PBXBuildFile; fileRef = 4E7AF5291988826C00FD1022 /* Lato-ThinItalic.ttf */; };
		4E7AF53E1988826C00FD1022 /* OFL.txt in Resources */ = {isa = PBXBuildFile; fileRef = 4E7AF52A1988826C00FD1022 /* OFL.txt */; };
		4E7AF53F1988826C00FD1022 /* README.txt in Resources */ = {isa = PBXBuildFile; fileRef = 4E7AF52B1988826C00FD1022 /* README.txt */; };
		4E8875C21992C80A006F1ACB /* UIWebView+Clean.m in Sources */ = {isa = PBXBuildFile; fileRef = 4E8875C11992C80A006F1ACB /* UIWebView+Clean.m */; };
		4ECEF3CA198053300054B2B8 /* NEOProfileInfoController.m in Sources */ = {isa = PBXBuildFile; fileRef = 4ECEF3C8198053300054B2B8 /* NEOProfileInfoController.m */; };
		4ECEF3CB198053300054B2B8 /* NEOProfileInfoController.xib in Resources */ = {isa = PBXBuildFile; fileRef = 4ECEF3C9198053300054B2B8 /* NEOProfileInfoController.xib */; };
		C90E4AAD95664C0A8BD74538 /* libPods.a in Frameworks */ = {isa = PBXBuildFile; fileRef = 2B6613254EDF4F968B36F2CF /* libPods.a */; };
/* End PBXBuildFile section */

/* Begin PBXContainerItemProxy section */
		22A9D400196F56B900AF6DEB /* PBXContainerItemProxy */ = {
			isa = PBXContainerItemProxy;
			containerPortal = 22A9D3D8196F56B900AF6DEB /* Project object */;
			proxyType = 1;
			remoteGlobalIDString = 22A9D3DF196F56B900AF6DEB;
			remoteInfo = NeoReach;
		};
/* End PBXContainerItemProxy section */

/* Begin PBXFileReference section */
		0D27BC48314D4EA7918AF464 /* Pods.xcconfig */ = {isa = PBXFileReference; includeInIndex = 1; lastKnownFileType = text.xcconfig; name = Pods.xcconfig; path = Pods/Pods.xcconfig; sourceTree = "<group>"; };
		22698A8A1982C7D3007A7255 /* NEOCircleView.h */ = {isa = PBXFileReference; fileEncoding = 4; lastKnownFileType = sourcecode.c.h; path = NEOCircleView.h; sourceTree = "<group>"; };
		22698A8B1982C7D3007A7255 /* NEOCircleView.m */ = {isa = PBXFileReference; fileEncoding = 4; lastKnownFileType = sourcecode.c.objc; path = NEOCircleView.m; sourceTree = "<group>"; };
		227F2E37198C136D009E66BC /* NEOUser.h */ = {isa = PBXFileReference; fileEncoding = 4; lastKnownFileType = sourcecode.c.h; path = NEOUser.h; sourceTree = "<group>"; };
		227F2E38198C136D009E66BC /* NEOUser.m */ = {isa = PBXFileReference; fileEncoding = 4; lastKnownFileType = sourcecode.c.objc; path = NEOUser.m; sourceTree = "<group>"; };
		227F2E3A198C4167009E66BC /* NEOCampaign.h */ = {isa = PBXFileReference; fileEncoding = 4; lastKnownFileType = sourcecode.c.h; path = NEOCampaign.h; sourceTree = "<group>"; };
		227F2E3B198C4167009E66BC /* NEOCampaign.m */ = {isa = PBXFileReference; fileEncoding = 4; lastKnownFileType = sourcecode.c.objc; path = NEOCampaign.m; sourceTree = "<group>"; };
		22A22D18197D6B4200D4560A /* NEOLoginController.h */ = {isa = PBXFileReference; fileEncoding = 4; lastKnownFileType = sourcecode.c.h; path = NEOLoginController.h; sourceTree = "<group>"; };
		22A22D19197D6B4200D4560A /* NEOLoginController.m */ = {isa = PBXFileReference; fileEncoding = 4; lastKnownFileType = sourcecode.c.objc; path = NEOLoginController.m; sourceTree = "<group>"; };
		22A22D1A197D6B4200D4560A /* NEOLoginController.xib */ = {isa = PBXFileReference; fileEncoding = 4; lastKnownFileType = file.xib; path = NEOLoginController.xib; sourceTree = "<group>"; };
		22A22D1D197D6B5700D4560A /* NEODashboardController.h */ = {isa = PBXFileReference; fileEncoding = 4; lastKnownFileType = sourcecode.c.h; path = NEODashboardController.h; sourceTree = "<group>"; };
		22A22D1E197D6B5700D4560A /* NEODashboardController.m */ = {isa = PBXFileReference; fileEncoding = 4; lastKnownFileType = sourcecode.c.objc; path = NEODashboardController.m; sourceTree = "<group>"; };
		22A22D1F197D6B5700D4560A /* NEODashboardController.xib */ = {isa = PBXFileReference; fileEncoding = 4; lastKnownFileType = file.xib; path = NEODashboardController.xib; sourceTree = "<group>"; };
		22A22D25197D6B7A00D4560A /* NEOBrowseCampaignsController.h */ = {isa = PBXFileReference; fileEncoding = 4; lastKnownFileType = sourcecode.c.h; name = NEOBrowseCampaignsController.h; path = ../NEOBrowseCampaignsController.h; sourceTree = "<group>"; };
		22A22D26197D6B7A00D4560A /* NEOBrowseCampaignsController.m */ = {isa = PBXFileReference; fileEncoding = 4; lastKnownFileType = sourcecode.c.objc; name = NEOBrowseCampaignsController.m; path = ../NEOBrowseCampaignsController.m; sourceTree = "<group>"; };
		22A22D27197D6B7A00D4560A /* NEOBrowseCampaignsController.xib */ = {isa = PBXFileReference; fileEncoding = 4; lastKnownFileType = file.xib; name = NEOBrowseCampaignsController.xib; path = ../NEOBrowseCampaignsController.xib; sourceTree = "<group>"; };
		22A22D2A197D6C8400D4560A /* NEOSideMenuController.h */ = {isa = PBXFileReference; fileEncoding = 4; lastKnownFileType = sourcecode.c.h; path = NEOSideMenuController.h; sourceTree = "<group>"; };
		22A22D2B197D6C8400D4560A /* NEOSideMenuController.m */ = {isa = PBXFileReference; fileEncoding = 4; lastKnownFileType = sourcecode.c.objc; path = NEOSideMenuController.m; sourceTree = "<group>"; };
		22A22D2C197D6C8400D4560A /* NEOSideMenuController.xib */ = {isa = PBXFileReference; fileEncoding = 4; lastKnownFileType = file.xib; path = NEOSideMenuController.xib; sourceTree = "<group>"; };
		22A9D3E0196F56B900AF6DEB /* NeoReach.app */ = {isa = PBXFileReference; explicitFileType = wrapper.application; includeInIndex = 0; path = NeoReach.app; sourceTree = BUILT_PRODUCTS_DIR; };
		22A9D3E3196F56B900AF6DEB /* Foundation.framework */ = {isa = PBXFileReference; lastKnownFileType = wrapper.framework; name = Foundation.framework; path = System/Library/Frameworks/Foundation.framework; sourceTree = SDKROOT; };
		22A9D3E5196F56B900AF6DEB /* CoreGraphics.framework */ = {isa = PBXFileReference; lastKnownFileType = wrapper.framework; name = CoreGraphics.framework; path = System/Library/Frameworks/CoreGraphics.framework; sourceTree = SDKROOT; };
		22A9D3E7196F56B900AF6DEB /* UIKit.framework */ = {isa = PBXFileReference; lastKnownFileType = wrapper.framework; name = UIKit.framework; path = System/Library/Frameworks/UIKit.framework; sourceTree = SDKROOT; };
		22A9D3EB196F56B900AF6DEB /* NeoReach-Info.plist */ = {isa = PBXFileReference; lastKnownFileType = text.plist.xml; path = "NeoReach-Info.plist"; sourceTree = "<group>"; };
		22A9D3ED196F56B900AF6DEB /* en */ = {isa = PBXFileReference; lastKnownFileType = text.plist.strings; name = en; path = en.lproj/InfoPlist.strings; sourceTree = "<group>"; };
		22A9D3EF196F56B900AF6DEB /* main.m */ = {isa = PBXFileReference; lastKnownFileType = sourcecode.c.objc; path = main.m; sourceTree = "<group>"; };
		22A9D3F1196F56B900AF6DEB /* NeoReach-Prefix.pch */ = {isa = PBXFileReference; lastKnownFileType = sourcecode.c.h; path = "NeoReach-Prefix.pch"; sourceTree = "<group>"; };
		22A9D3F2196F56B900AF6DEB /* NEOAppDelegate.h */ = {isa = PBXFileReference; lastKnownFileType = sourcecode.c.h; path = NEOAppDelegate.h; sourceTree = "<group>"; };
		22A9D3F3196F56B900AF6DEB /* NEOAppDelegate.m */ = {isa = PBXFileReference; lastKnownFileType = sourcecode.c.objc; path = NEOAppDelegate.m; sourceTree = "<group>"; };
		22A9D3F5196F56B900AF6DEB /* Images.xcassets */ = {isa = PBXFileReference; lastKnownFileType = folder.assetcatalog; path = Images.xcassets; sourceTree = "<group>"; };
		22A9D3FB196F56B900AF6DEB /* NeoReachTests.xctest */ = {isa = PBXFileReference; explicitFileType = wrapper.cfbundle; includeInIndex = 0; path = NeoReachTests.xctest; sourceTree = BUILT_PRODUCTS_DIR; };
		22A9D3FC196F56B900AF6DEB /* XCTest.framework */ = {isa = PBXFileReference; lastKnownFileType = wrapper.framework; name = XCTest.framework; path = Library/Frameworks/XCTest.framework; sourceTree = DEVELOPER_DIR; };
		22A9D404196F56B900AF6DEB /* NeoReachTests-Info.plist */ = {isa = PBXFileReference; lastKnownFileType = text.plist.xml; path = "NeoReachTests-Info.plist"; sourceTree = "<group>"; };
		22A9D406196F56B900AF6DEB /* en */ = {isa = PBXFileReference; lastKnownFileType = text.plist.strings; name = en; path = en.lproj/InfoPlist.strings; sourceTree = "<group>"; };
		22A9D408196F56B900AF6DEB /* NeoReachTests.m */ = {isa = PBXFileReference; lastKnownFileType = sourcecode.c.objc; path = NeoReachTests.m; sourceTree = "<group>"; };
		22C8A7CD1982F3A6007B16CA /* NEOBrowseLogosCell.h */ = {isa = PBXFileReference; fileEncoding = 4; lastKnownFileType = sourcecode.c.h; path = NEOBrowseLogosCell.h; sourceTree = "<group>"; };
		22C8A7CE1982F3A6007B16CA /* NEOBrowseLogosCell.m */ = {isa = PBXFileReference; fileEncoding = 4; lastKnownFileType = sourcecode.c.objc; path = NEOBrowseLogosCell.m; sourceTree = "<group>"; };
		22C8A7CF1982F3A6007B16CA /* NEOBrowseLogosCell.xib */ = {isa = PBXFileReference; fileEncoding = 4; lastKnownFileType = file.xib; path = NEOBrowseLogosCell.xib; sourceTree = "<group>"; };
		22C8A7D51982F3CE007B16CA /* NEOBrowseDetailsCell.h */ = {isa = PBXFileReference; fileEncoding = 4; lastKnownFileType = sourcecode.c.h; path = NEOBrowseDetailsCell.h; sourceTree = "<group>"; };
		22C8A7D61982F3CE007B16CA /* NEOBrowseDetailsCell.m */ = {isa = PBXFileReference; fileEncoding = 4; lastKnownFileType = sourcecode.c.objc; path = NEOBrowseDetailsCell.m; sourceTree = "<group>"; };
		22C8A7D71982F3CE007B16CA /* NEOBrowseDetailsCell.xib */ = {isa = PBXFileReference; fileEncoding = 4; lastKnownFileType = file.xib; path = NEOBrowseDetailsCell.xib; sourceTree = "<group>"; };
		22C8A7DA19830A67007B16CA /* NEOBrowseGenLinkCell.h */ = {isa = PBXFileReference; fileEncoding = 4; lastKnownFileType = sourcecode.c.h; path = NEOBrowseGenLinkCell.h; sourceTree = "<group>"; };
		22C8A7DB19830A67007B16CA /* NEOBrowseGenLinkCell.m */ = {isa = PBXFileReference; fileEncoding = 4; lastKnownFileType = sourcecode.c.objc; path = NEOBrowseGenLinkCell.m; sourceTree = "<group>"; };
		22C8A7DC19830A67007B16CA /* NEOBrowseGenLinkCell.xib */ = {isa = PBXFileReference; fileEncoding = 4; lastKnownFileType = file.xib; path = NEOBrowseGenLinkCell.xib; sourceTree = "<group>"; };
		22D84CF319817BA3008A16E7 /* NEODashboardStatsCell.h */ = {isa = PBXFileReference; fileEncoding = 4; lastKnownFileType = sourcecode.c.h; path = NEODashboardStatsCell.h; sourceTree = "<group>"; };
		22D84CF419817BA3008A16E7 /* NEODashboardStatsCell.m */ = {isa = PBXFileReference; fileEncoding = 4; lastKnownFileType = sourcecode.c.objc; path = NEODashboardStatsCell.m; sourceTree = "<group>"; };
		22D84CF519817BA3008A16E7 /* NEODashboardStatsCell.xib */ = {isa = PBXFileReference; fileEncoding = 4; lastKnownFileType = file.xib; path = NEODashboardStatsCell.xib; sourceTree = "<group>"; };
		22D84CF919819E0C008A16E7 /* NEODashboardHeaderCell.h */ = {isa = PBXFileReference; fileEncoding = 4; lastKnownFileType = sourcecode.c.h; path = NEODashboardHeaderCell.h; sourceTree = "<group>"; };
		22D84CFA19819E0C008A16E7 /* NEODashboardHeaderCell.m */ = {isa = PBXFileReference; fileEncoding = 4; lastKnownFileType = sourcecode.c.objc; path = NEODashboardHeaderCell.m; sourceTree = "<group>"; };
		22D84CFB19819E0C008A16E7 /* NEODashboardHeaderCell.xib */ = {isa = PBXFileReference; fileEncoding = 4; lastKnownFileType = file.xib; path = NEODashboardHeaderCell.xib; sourceTree = "<group>"; };
		22D84CFE19819E41008A16E7 /* NEODashboardPostCell.h */ = {isa = PBXFileReference; fileEncoding = 4; lastKnownFileType = sourcecode.c.h; path = NEODashboardPostCell.h; sourceTree = "<group>"; };
		22D84CFF19819E41008A16E7 /* NEODashboardPostCell.m */ = {isa = PBXFileReference; fileEncoding = 4; lastKnownFileType = sourcecode.c.objc; path = NEODashboardPostCell.m; sourceTree = "<group>"; };
		22D84D0019819E41008A16E7 /* NEODashboardPostCell.xib */ = {isa = PBXFileReference; fileEncoding = 4; lastKnownFileType = file.xib; path = NEODashboardPostCell.xib; sourceTree = "<group>"; };
		2B6613254EDF4F968B36F2CF /* libPods.a */ = {isa = PBXFileReference; explicitFileType = archive.ar; includeInIndex = 0; path = libPods.a; sourceTree = BUILT_PRODUCTS_DIR; };
		4E6368851986C37400FFF5A1 /* NEOTagsController.h */ = {isa = PBXFileReference; fileEncoding = 4; lastKnownFileType = sourcecode.c.h; path = NEOTagsController.h; sourceTree = "<group>"; };
		4E6368861986C37400FFF5A1 /* NEOTagsController.m */ = {isa = PBXFileReference; fileEncoding = 4; lastKnownFileType = sourcecode.c.objc; path = NEOTagsController.m; sourceTree = "<group>"; };
		4E6368871986C37400FFF5A1 /* NEOTagsController.xib */ = {isa = PBXFileReference; fileEncoding = 4; lastKnownFileType = file.xib; path = NEOTagsController.xib; sourceTree = "<group>"; };
		4E7AF5181988826C00FD1022 /* Lato-Black.ttf */ = {isa = PBXFileReference; lastKnownFileType = file; path = "Lato-Black.ttf"; sourceTree = "<group>"; };
		4E7AF5191988826C00FD1022 /* Lato-BlackItalic.ttf */ = {isa = PBXFileReference; lastKnownFileType = file; path = "Lato-BlackItalic.ttf"; sourceTree = "<group>"; };
		4E7AF51A1988826C00FD1022 /* Lato-Bold.ttf */ = {isa = PBXFileReference; lastKnownFileType = file; path = "Lato-Bold.ttf"; sourceTree = "<group>"; };
		4E7AF51B1988826C00FD1022 /* Lato-BoldItalic.ttf */ = {isa = PBXFileReference; lastKnownFileType = file; path = "Lato-BoldItalic.ttf"; sourceTree = "<group>"; };
		4E7AF51C1988826C00FD1022 /* Lato-Hairline.ttf */ = {isa = PBXFileReference; lastKnownFileType = file; path = "Lato-Hairline.ttf"; sourceTree = "<group>"; };
		4E7AF51D1988826C00FD1022 /* Lato-HairlineItalic.ttf */ = {isa = PBXFileReference; lastKnownFileType = file; path = "Lato-HairlineItalic.ttf"; sourceTree = "<group>"; };
		4E7AF51E1988826C00FD1022 /* Lato-Heavy.ttf */ = {isa = PBXFileReference; lastKnownFileType = file; path = "Lato-Heavy.ttf"; sourceTree = "<group>"; };
		4E7AF51F1988826C00FD1022 /* Lato-HeavyItalic.ttf */ = {isa = PBXFileReference; lastKnownFileType = file; path = "Lato-HeavyItalic.ttf"; sourceTree = "<group>"; };
		4E7AF5201988826C00FD1022 /* Lato-Italic.ttf */ = {isa = PBXFileReference; lastKnownFileType = file; path = "Lato-Italic.ttf"; sourceTree = "<group>"; };
		4E7AF5211988826C00FD1022 /* Lato-Light.ttf */ = {isa = PBXFileReference; lastKnownFileType = file; path = "Lato-Light.ttf"; sourceTree = "<group>"; };
		4E7AF5221988826C00FD1022 /* Lato-LightItalic.ttf */ = {isa = PBXFileReference; lastKnownFileType = file; path = "Lato-LightItalic.ttf"; sourceTree = "<group>"; };
		4E7AF5231988826C00FD1022 /* Lato-Medium.ttf */ = {isa = PBXFileReference; lastKnownFileType = file; path = "Lato-Medium.ttf"; sourceTree = "<group>"; };
		4E7AF5241988826C00FD1022 /* Lato-MediumItalic.ttf */ = {isa = PBXFileReference; lastKnownFileType = file; path = "Lato-MediumItalic.ttf"; sourceTree = "<group>"; };
		4E7AF5251988826C00FD1022 /* Lato-Regular.ttf */ = {isa = PBXFileReference; lastKnownFileType = file; path = "Lato-Regular.ttf"; sourceTree = "<group>"; };
		4E7AF5261988826C00FD1022 /* Lato-Semibold.ttf */ = {isa = PBXFileReference; lastKnownFileType = file; path = "Lato-Semibold.ttf"; sourceTree = "<group>"; };
		4E7AF5271988826C00FD1022 /* Lato-SemiboldItalic.ttf */ = {isa = PBXFileReference; lastKnownFileType = file; path = "Lato-SemiboldItalic.ttf"; sourceTree = "<group>"; };
		4E7AF5281988826C00FD1022 /* Lato-Thin.ttf */ = {isa = PBXFileReference; lastKnownFileType = file; path = "Lato-Thin.ttf"; sourceTree = "<group>"; };
		4E7AF5291988826C00FD1022 /* Lato-ThinItalic.ttf */ = {isa = PBXFileReference; lastKnownFileType = file; path = "Lato-ThinItalic.ttf"; sourceTree = "<group>"; };
		4E7AF52A1988826C00FD1022 /* OFL.txt */ = {isa = PBXFileReference; fileEncoding = 4; lastKnownFileType = text; path = OFL.txt; sourceTree = "<group>"; };
		4E7AF52B1988826C00FD1022 /* README.txt */ = {isa = PBXFileReference; fileEncoding = 4; lastKnownFileType = text; path = README.txt; sourceTree = "<group>"; };
		4E8875C01992C80A006F1ACB /* UIWebView+Clean.h */ = {isa = PBXFileReference; fileEncoding = 4; lastKnownFileType = sourcecode.c.h; path = "UIWebView+Clean.h"; sourceTree = "<group>"; };
		4E8875C11992C80A006F1ACB /* UIWebView+Clean.m */ = {isa = PBXFileReference; fileEncoding = 4; lastKnownFileType = sourcecode.c.objc; path = "UIWebView+Clean.m"; sourceTree = "<group>"; };
		4ECEF3C7198053300054B2B8 /* NEOProfileInfoController.h */ = {isa = PBXFileReference; fileEncoding = 4; lastKnownFileType = sourcecode.c.h; path = NEOProfileInfoController.h; sourceTree = "<group>"; };
		4ECEF3C8198053300054B2B8 /* NEOProfileInfoController.m */ = {isa = PBXFileReference; fileEncoding = 4; lastKnownFileType = sourcecode.c.objc; path = NEOProfileInfoController.m; sourceTree = "<group>"; };
		4ECEF3C9198053300054B2B8 /* NEOProfileInfoController.xib */ = {isa = PBXFileReference; fileEncoding = 4; lastKnownFileType = file.xib; path = NEOProfileInfoController.xib; sourceTree = "<group>"; };
/* End PBXFileReference section */

/* Begin PBXFrameworksBuildPhase section */
		22A9D3DD196F56B900AF6DEB /* Frameworks */ = {
			isa = PBXFrameworksBuildPhase;
			buildActionMask = 2147483647;
			files = (
				22A9D3E6196F56B900AF6DEB /* CoreGraphics.framework in Frameworks */,
				22A9D3E8196F56B900AF6DEB /* UIKit.framework in Frameworks */,
				22A9D3E4196F56B900AF6DEB /* Foundation.framework in Frameworks */,
				C90E4AAD95664C0A8BD74538 /* libPods.a in Frameworks */,
			);
			runOnlyForDeploymentPostprocessing = 0;
		};
		22A9D3F8196F56B900AF6DEB /* Frameworks */ = {
			isa = PBXFrameworksBuildPhase;
			buildActionMask = 2147483647;
			files = (
				22A9D3FD196F56B900AF6DEB /* XCTest.framework in Frameworks */,
				22A9D3FF196F56B900AF6DEB /* UIKit.framework in Frameworks */,
				22A9D3FE196F56B900AF6DEB /* Foundation.framework in Frameworks */,
			);
			runOnlyForDeploymentPostprocessing = 0;
		};
/* End PBXFrameworksBuildPhase section */

/* Begin PBXGroup section */
		22A9D3D7196F56B900AF6DEB = {
			isa = PBXGroup;
			children = (
				22A9D3E9196F56B900AF6DEB /* NeoReach */,
				22A9D402196F56B900AF6DEB /* NeoReachTests */,
				22A9D3E2196F56B900AF6DEB /* Frameworks */,
				22A9D3E1196F56B900AF6DEB /* Products */,
				0D27BC48314D4EA7918AF464 /* Pods.xcconfig */,
			);
			sourceTree = "<group>";
		};
		22A9D3E1196F56B900AF6DEB /* Products */ = {
			isa = PBXGroup;
			children = (
				22A9D3E0196F56B900AF6DEB /* NeoReach.app */,
				22A9D3FB196F56B900AF6DEB /* NeoReachTests.xctest */,
			);
			name = Products;
			sourceTree = "<group>";
		};
		22A9D3E2196F56B900AF6DEB /* Frameworks */ = {
			isa = PBXGroup;
			children = (
				22A9D3E3196F56B900AF6DEB /* Foundation.framework */,
				22A9D3E5196F56B900AF6DEB /* CoreGraphics.framework */,
				22A9D3E7196F56B900AF6DEB /* UIKit.framework */,
				22A9D3FC196F56B900AF6DEB /* XCTest.framework */,
				2B6613254EDF4F968B36F2CF /* libPods.a */,
			);
			name = Frameworks;
			sourceTree = "<group>";
		};
		22A9D3E9196F56B900AF6DEB /* NeoReach */ = {
			isa = PBXGroup;
			children = (
				4E7AF4EA1988797C00FD1022 /* Resources */,
				22A9D3EA196F56B900AF6DEB /* Supporting Files */,
				22A9D3F2196F56B900AF6DEB /* NEOAppDelegate.h */,
				22A9D3F3196F56B900AF6DEB /* NEOAppDelegate.m */,
				227F2E37198C136D009E66BC /* NEOUser.h */,
				4E8875C01992C80A006F1ACB /* UIWebView+Clean.h */,
				4E8875C11992C80A006F1ACB /* UIWebView+Clean.m */,
				227F2E38198C136D009E66BC /* NEOUser.m */,
				227F2E3A198C4167009E66BC /* NEOCampaign.h */,
				227F2E3B198C4167009E66BC /* NEOCampaign.m */,
				22A9D3F5196F56B900AF6DEB /* Images.xcassets */,
				22698A8A1982C7D3007A7255 /* NEOCircleView.h */,
				22698A8B1982C7D3007A7255 /* NEOCircleView.m */,
				22A22D25197D6B7A00D4560A /* NEOBrowseCampaignsController.h */,
				22A22D26197D6B7A00D4560A /* NEOBrowseCampaignsController.m */,
				22A22D27197D6B7A00D4560A /* NEOBrowseCampaignsController.xib */,
				22D84CF819819DC3008A16E7 /* DashboardCells */,
				22C8A7C91982F277007B16CA /* BrowseCells */,
				22A22D18197D6B4200D4560A /* NEOLoginController.h */,
				22A22D19197D6B4200D4560A /* NEOLoginController.m */,
				22A22D1A197D6B4200D4560A /* NEOLoginController.xib */,
				22A22D2A197D6C8400D4560A /* NEOSideMenuController.h */,
				22A22D2B197D6C8400D4560A /* NEOSideMenuController.m */,
				22A22D2C197D6C8400D4560A /* NEOSideMenuController.xib */,
				4ECEF3C7198053300054B2B8 /* NEOProfileInfoController.h */,
				4ECEF3C8198053300054B2B8 /* NEOProfileInfoController.m */,
				4ECEF3C9198053300054B2B8 /* NEOProfileInfoController.xib */,
				22A22D1D197D6B5700D4560A /* NEODashboardController.h */,
				22A22D1E197D6B5700D4560A /* NEODashboardController.m */,
				22A22D1F197D6B5700D4560A /* NEODashboardController.xib */,
				4E6368851986C37400FFF5A1 /* NEOTagsController.h */,
				4E6368861986C37400FFF5A1 /* NEOTagsController.m */,
				4E6368871986C37400FFF5A1 /* NEOTagsController.xib */,
			);
			path = NeoReach;
			sourceTree = "<group>";
		};
		22A9D3EA196F56B900AF6DEB /* Supporting Files */ = {
			isa = PBXGroup;
			children = (
				22A9D3EB196F56B900AF6DEB /* NeoReach-Info.plist */,
				22A9D3EC196F56B900AF6DEB /* InfoPlist.strings */,
				22A9D3EF196F56B900AF6DEB /* main.m */,
				22A9D3F1196F56B900AF6DEB /* NeoReach-Prefix.pch */,
			);
			name = "Supporting Files";
			sourceTree = "<group>";
		};
		22A9D402196F56B900AF6DEB /* NeoReachTests */ = {
			isa = PBXGroup;
			children = (
				22A9D408196F56B900AF6DEB /* NeoReachTests.m */,
				22A9D403196F56B900AF6DEB /* Supporting Files */,
			);
			path = NeoReachTests;
			sourceTree = "<group>";
		};
		22A9D403196F56B900AF6DEB /* Supporting Files */ = {
			isa = PBXGroup;
			children = (
				22A9D404196F56B900AF6DEB /* NeoReachTests-Info.plist */,
				22A9D405196F56B900AF6DEB /* InfoPlist.strings */,
			);
			name = "Supporting Files";
			sourceTree = "<group>";
		};
		22C8A7C91982F277007B16CA /* BrowseCells */ = {
			isa = PBXGroup;
			children = (
				22C8A7CD1982F3A6007B16CA /* NEOBrowseLogosCell.h */,
				22C8A7CE1982F3A6007B16CA /* NEOBrowseLogosCell.m */,
				22C8A7CF1982F3A6007B16CA /* NEOBrowseLogosCell.xib */,
				22C8A7D51982F3CE007B16CA /* NEOBrowseDetailsCell.h */,
				22C8A7D61982F3CE007B16CA /* NEOBrowseDetailsCell.m */,
				22C8A7D71982F3CE007B16CA /* NEOBrowseDetailsCell.xib */,
				22C8A7DA19830A67007B16CA /* NEOBrowseGenLinkCell.h */,
				22C8A7DB19830A67007B16CA /* NEOBrowseGenLinkCell.m */,
				22C8A7DC19830A67007B16CA /* NEOBrowseGenLinkCell.xib */,
			);
			name = BrowseCells;
			sourceTree = "<group>";
		};
		22D84CF819819DC3008A16E7 /* DashboardCells */ = {
			isa = PBXGroup;
			children = (
				22D84CF919819E0C008A16E7 /* NEODashboardHeaderCell.h */,
				22D84CFA19819E0C008A16E7 /* NEODashboardHeaderCell.m */,
				22D84CFB19819E0C008A16E7 /* NEODashboardHeaderCell.xib */,
				22D84CF319817BA3008A16E7 /* NEODashboardStatsCell.h */,
				22D84CF419817BA3008A16E7 /* NEODashboardStatsCell.m */,
				22D84CF519817BA3008A16E7 /* NEODashboardStatsCell.xib */,
				22D84CFE19819E41008A16E7 /* NEODashboardPostCell.h */,
				22D84CFF19819E41008A16E7 /* NEODashboardPostCell.m */,
				22D84D0019819E41008A16E7 /* NEODashboardPostCell.xib */,
			);
			name = DashboardCells;
			sourceTree = "<group>";
		};
		4E7AF4EA1988797C00FD1022 /* Resources */ = {
			isa = PBXGroup;
			children = (
				4E7AF5171988826C00FD1022 /* Lato */,
			);
			name = Resources;
			sourceTree = "<group>";
		};
		4E7AF5171988826C00FD1022 /* Lato */ = {
			isa = PBXGroup;
			children = (
				4E7AF5181988826C00FD1022 /* Lato-Black.ttf */,
				4E7AF5191988826C00FD1022 /* Lato-BlackItalic.ttf */,
				4E7AF51A1988826C00FD1022 /* Lato-Bold.ttf */,
				4E7AF51B1988826C00FD1022 /* Lato-BoldItalic.ttf */,
				4E7AF51C1988826C00FD1022 /* Lato-Hairline.ttf */,
				4E7AF51D1988826C00FD1022 /* Lato-HairlineItalic.ttf */,
				4E7AF51E1988826C00FD1022 /* Lato-Heavy.ttf */,
				4E7AF51F1988826C00FD1022 /* Lato-HeavyItalic.ttf */,
				4E7AF5201988826C00FD1022 /* Lato-Italic.ttf */,
				4E7AF5211988826C00FD1022 /* Lato-Light.ttf */,
				4E7AF5221988826C00FD1022 /* Lato-LightItalic.ttf */,
				4E7AF5231988826C00FD1022 /* Lato-Medium.ttf */,
				4E7AF5241988826C00FD1022 /* Lato-MediumItalic.ttf */,
				4E7AF5251988826C00FD1022 /* Lato-Regular.ttf */,
				4E7AF5261988826C00FD1022 /* Lato-Semibold.ttf */,
				4E7AF5271988826C00FD1022 /* Lato-SemiboldItalic.ttf */,
				4E7AF5281988826C00FD1022 /* Lato-Thin.ttf */,
				4E7AF5291988826C00FD1022 /* Lato-ThinItalic.ttf */,
				4E7AF52A1988826C00FD1022 /* OFL.txt */,
				4E7AF52B1988826C00FD1022 /* README.txt */,
			);
			path = Lato;
			sourceTree = "<group>";
		};
/* End PBXGroup section */

/* Begin PBXNativeTarget section */
		22A9D3DF196F56B900AF6DEB /* NeoReach */ = {
			isa = PBXNativeTarget;
			buildConfigurationList = 22A9D40C196F56B900AF6DEB /* Build configuration list for PBXNativeTarget "NeoReach" */;
			buildPhases = (
				44C98A225C054266AD9E76F2 /* Check Pods Manifest.lock */,
				22A9D3DC196F56B900AF6DEB /* Sources */,
				22A9D3DD196F56B900AF6DEB /* Frameworks */,
				22A9D3DE196F56B900AF6DEB /* Resources */,
				F2735704D83C46B485B0D567 /* Copy Pods Resources */,
			);
			buildRules = (
			);
			dependencies = (
			);
			name = NeoReach;
			productName = NeoReach;
			productReference = 22A9D3E0196F56B900AF6DEB /* NeoReach.app */;
			productType = "com.apple.product-type.application";
		};
		22A9D3FA196F56B900AF6DEB /* NeoReachTests */ = {
			isa = PBXNativeTarget;
			buildConfigurationList = 22A9D40F196F56B900AF6DEB /* Build configuration list for PBXNativeTarget "NeoReachTests" */;
			buildPhases = (
				22A9D3F7196F56B900AF6DEB /* Sources */,
				22A9D3F8196F56B900AF6DEB /* Frameworks */,
				22A9D3F9196F56B900AF6DEB /* Resources */,
			);
			buildRules = (
			);
			dependencies = (
				22A9D401196F56B900AF6DEB /* PBXTargetDependency */,
			);
			name = NeoReachTests;
			productName = NeoReachTests;
			productReference = 22A9D3FB196F56B900AF6DEB /* NeoReachTests.xctest */;
			productType = "com.apple.product-type.bundle.unit-test";
		};
/* End PBXNativeTarget section */

/* Begin PBXProject section */
		22A9D3D8196F56B900AF6DEB /* Project object */ = {
			isa = PBXProject;
			attributes = {
				CLASSPREFIX = NEO;
				LastUpgradeCheck = 0510;
				ORGANIZATIONNAME = NeoReach;
				TargetAttributes = {
					22A9D3FA196F56B900AF6DEB = {
						TestTargetID = 22A9D3DF196F56B900AF6DEB;
					};
				};
			};
			buildConfigurationList = 22A9D3DB196F56B900AF6DEB /* Build configuration list for PBXProject "NeoReach" */;
			compatibilityVersion = "Xcode 3.2";
			developmentRegion = English;
			hasScannedForEncodings = 0;
			knownRegions = (
				en,
			);
			mainGroup = 22A9D3D7196F56B900AF6DEB;
			productRefGroup = 22A9D3E1196F56B900AF6DEB /* Products */;
			projectDirPath = "";
			projectRoot = "";
			targets = (
				22A9D3DF196F56B900AF6DEB /* NeoReach */,
				22A9D3FA196F56B900AF6DEB /* NeoReachTests */,
			);
		};
/* End PBXProject section */

/* Begin PBXResourcesBuildPhase section */
		22A9D3DE196F56B900AF6DEB /* Resources */ = {
			isa = PBXResourcesBuildPhase;
			buildActionMask = 2147483647;
			files = (
				4E7AF5321988826C00FD1022 /* Lato-Heavy.ttf in Resources */,
				4E7AF5371988826C00FD1022 /* Lato-Medium.ttf in Resources */,
				4E7AF52D1988826C00FD1022 /* Lato-BlackItalic.ttf in Resources */,
				4E7AF5301988826C00FD1022 /* Lato-Hairline.ttf in Resources */,
				4E7AF5311988826C00FD1022 /* Lato-HairlineItalic.ttf in Resources */,
				4E7AF53B1988826C00FD1022 /* Lato-SemiboldItalic.ttf in Resources */,
				22A9D3EE196F56B900AF6DEB /* InfoPlist.strings in Resources */,
				22A22D21197D6B5700D4560A /* NEODashboardController.xib in Resources */,
				4E7AF5341988826C00FD1022 /* Lato-Italic.ttf in Resources */,
				4E7AF52F1988826C00FD1022 /* Lato-BoldItalic.ttf in Resources */,
				4E7AF53A1988826C00FD1022 /* Lato-Semibold.ttf in Resources */,
				4ECEF3CB198053300054B2B8 /* NEOProfileInfoController.xib in Resources */,
				4E7AF53E1988826C00FD1022 /* OFL.txt in Resources */,
				22D84CF719817BA3008A16E7 /* NEODashboardStatsCell.xib in Resources */,
				4E7AF5391988826C00FD1022 /* Lato-Regular.ttf in Resources */,
				22A22D29197D6B7A00D4560A /* NEOBrowseCampaignsController.xib in Resources */,
				4E6368891986C37400FFF5A1 /* NEOTagsController.xib in Resources */,
				22D84D071981ADC8008A16E7 /* (null) in Resources */,
				4E7AF53F1988826C00FD1022 /* README.txt in Resources */,
				22D84D0219819E41008A16E7 /* NEODashboardPostCell.xib in Resources */,
				22A22D1C197D6B4200D4560A /* NEOLoginController.xib in Resources */,
				4E7AF5351988826C00FD1022 /* Lato-Light.ttf in Resources */,
				4E7AF5361988826C00FD1022 /* Lato-LightItalic.ttf in Resources */,
				4E7AF53D1988826C00FD1022 /* Lato-ThinItalic.ttf in Resources */,
				4E7AF5381988826C00FD1022 /* Lato-MediumItalic.ttf in Resources */,
				22A22D2E197D6C8400D4560A /* NEOSideMenuController.xib in Resources */,
				4E7AF52E1988826C00FD1022 /* Lato-Bold.ttf in Resources */,
				4E7AF53C1988826C00FD1022 /* Lato-Thin.ttf in Resources */,
				4E7AF5331988826C00FD1022 /* Lato-HeavyItalic.ttf in Resources */,
				22A9D3F6196F56B900AF6DEB /* Images.xcassets in Resources */,
				22C8A7D91982F3CE007B16CA /* NEOBrowseDetailsCell.xib in Resources */,
				22D84CFD19819E0C008A16E7 /* NEODashboardHeaderCell.xib in Resources */,
				4E7AF52C1988826C00FD1022 /* Lato-Black.ttf in Resources */,
				22C8A7D11982F3A6007B16CA /* NEOBrowseLogosCell.xib in Resources */,
				22C8A7DE19830A67007B16CA /* NEOBrowseGenLinkCell.xib in Resources */,
			);
			runOnlyForDeploymentPostprocessing = 0;
		};
		22A9D3F9196F56B900AF6DEB /* Resources */ = {
			isa = PBXResourcesBuildPhase;
			buildActionMask = 2147483647;
			files = (
				22A9D407196F56B900AF6DEB /* InfoPlist.strings in Resources */,
			);
			runOnlyForDeploymentPostprocessing = 0;
		};
/* End PBXResourcesBuildPhase section */

/* Begin PBXShellScriptBuildPhase section */
		44C98A225C054266AD9E76F2 /* Check Pods Manifest.lock */ = {
			isa = PBXShellScriptBuildPhase;
			buildActionMask = 2147483647;
			files = (
			);
			inputPaths = (
			);
			name = "Check Pods Manifest.lock";
			outputPaths = (
			);
			runOnlyForDeploymentPostprocessing = 0;
			shellPath = /bin/sh;
			shellScript = "diff \"${PODS_ROOT}/../Podfile.lock\" \"${PODS_ROOT}/Manifest.lock\" > /dev/null\nif [[ $? != 0 ]] ; then\n    cat << EOM\nerror: The sandbox is not in sync with the Podfile.lock. Run 'pod install' or update your CocoaPods installation.\nEOM\n    exit 1\nfi\n";
			showEnvVarsInLog = 0;
		};
		F2735704D83C46B485B0D567 /* Copy Pods Resources */ = {
			isa = PBXShellScriptBuildPhase;
			buildActionMask = 2147483647;
			files = (
			);
			inputPaths = (
			);
			name = "Copy Pods Resources";
			outputPaths = (
			);
			runOnlyForDeploymentPostprocessing = 0;
			shellPath = /bin/sh;
			shellScript = "\"${SRCROOT}/Pods/Pods-resources.sh\"\n";
			showEnvVarsInLog = 0;
		};
/* End PBXShellScriptBuildPhase section */

/* Begin PBXSourcesBuildPhase section */
		22A9D3DC196F56B900AF6DEB /* Sources */ = {
			isa = PBXSourcesBuildPhase;
			buildActionMask = 2147483647;
			files = (
				22A22D1B197D6B4200D4560A /* NEOLoginController.m in Sources */,
				4E8875C21992C80A006F1ACB /* UIWebView+Clean.m in Sources */,
				22D84D0119819E41008A16E7 /* NEODashboardPostCell.m in Sources */,
				4E6368881986C37400FFF5A1 /* NEOTagsController.m in Sources */,
				22A22D20197D6B5700D4560A /* NEODashboardController.m in Sources */,
				22A22D2D197D6C8400D4560A /* NEOSideMenuController.m in Sources */,
				227F2E39198C136D009E66BC /* NEOUser.m in Sources */,
				22D84CF619817BA3008A16E7 /* NEODashboardStatsCell.m in Sources */,
				227F2E3C198C4167009E66BC /* NEOCampaign.m in Sources */,
				22A22D28197D6B7A00D4560A /* NEOBrowseCampaignsController.m in Sources */,
				22C8A7D01982F3A6007B16CA /* NEOBrowseLogosCell.m in Sources */,
				22A9D3F0196F56B900AF6DEB /* main.m in Sources */,
				22C8A7D81982F3CE007B16CA /* NEOBrowseDetailsCell.m in Sources */,
				22C8A7DD19830A67007B16CA /* NEOBrowseGenLinkCell.m in Sources */,
				22D84CFC19819E0C008A16E7 /* NEODashboardHeaderCell.m in Sources */,
				22698A8C1982C7D3007A7255 /* NEOCircleView.m in Sources */,
				4ECEF3CA198053300054B2B8 /* NEOProfileInfoController.m in Sources */,
				22A9D3F4196F56B900AF6DEB /* NEOAppDelegate.m in Sources */,
			);
			runOnlyForDeploymentPostprocessing = 0;
		};
		22A9D3F7196F56B900AF6DEB /* Sources */ = {
			isa = PBXSourcesBuildPhase;
			buildActionMask = 2147483647;
			files = (
				22A9D409196F56B900AF6DEB /* NeoReachTests.m in Sources */,
			);
			runOnlyForDeploymentPostprocessing = 0;
		};
/* End PBXSourcesBuildPhase section */

/* Begin PBXTargetDependency section */
		22A9D401196F56B900AF6DEB /* PBXTargetDependency */ = {
			isa = PBXTargetDependency;
			target = 22A9D3DF196F56B900AF6DEB /* NeoReach */;
			targetProxy = 22A9D400196F56B900AF6DEB /* PBXContainerItemProxy */;
		};
/* End PBXTargetDependency section */

/* Begin PBXVariantGroup section */
		22A9D3EC196F56B900AF6DEB /* InfoPlist.strings */ = {
			isa = PBXVariantGroup;
			children = (
				22A9D3ED196F56B900AF6DEB /* en */,
			);
			name = InfoPlist.strings;
			sourceTree = "<group>";
		};
		22A9D405196F56B900AF6DEB /* InfoPlist.strings */ = {
			isa = PBXVariantGroup;
			children = (
				22A9D406196F56B900AF6DEB /* en */,
			);
			name = InfoPlist.strings;
			sourceTree = "<group>";
		};
/* End PBXVariantGroup section */

/* Begin XCBuildConfiguration section */
		22A9D40A196F56B900AF6DEB /* Debug */ = {
			isa = XCBuildConfiguration;
			buildSettings = {
				ALWAYS_SEARCH_USER_PATHS = NO;
				CLANG_CXX_LANGUAGE_STANDARD = "gnu++0x";
				CLANG_CXX_LIBRARY = "libc++";
				CLANG_ENABLE_MODULES = YES;
				CLANG_ENABLE_OBJC_ARC = YES;
				CLANG_WARN_BOOL_CONVERSION = YES;
				CLANG_WARN_CONSTANT_CONVERSION = YES;
				CLANG_WARN_DIRECT_OBJC_ISA_USAGE = YES_ERROR;
				CLANG_WARN_EMPTY_BODY = YES;
				CLANG_WARN_ENUM_CONVERSION = YES;
				CLANG_WARN_INT_CONVERSION = YES;
				CLANG_WARN_OBJC_ROOT_CLASS = YES_ERROR;
				CLANG_WARN__DUPLICATE_METHOD_MATCH = YES;
				"CODE_SIGN_IDENTITY[sdk=iphoneos*]" = "iPhone Developer";
				COPY_PHASE_STRIP = NO;
				GCC_C_LANGUAGE_STANDARD = gnu99;
				GCC_DYNAMIC_NO_PIC = NO;
				GCC_OPTIMIZATION_LEVEL = 0;
				GCC_PREPROCESSOR_DEFINITIONS = (
					"DEBUG=1",
					"$(inherited)",
				);
				GCC_SYMBOLS_PRIVATE_EXTERN = NO;
				GCC_WARN_64_TO_32_BIT_CONVERSION = YES;
				GCC_WARN_ABOUT_RETURN_TYPE = YES_ERROR;
				GCC_WARN_UNDECLARED_SELECTOR = YES;
				GCC_WARN_UNINITIALIZED_AUTOS = YES_AGGRESSIVE;
				GCC_WARN_UNUSED_FUNCTION = YES;
				GCC_WARN_UNUSED_VARIABLE = YES;
				IPHONEOS_DEPLOYMENT_TARGET = 7.1;
				ONLY_ACTIVE_ARCH = YES;
				SDKROOT = iphoneos;
			};
			name = Debug;
		};
		22A9D40B196F56B900AF6DEB /* Release */ = {
			isa = XCBuildConfiguration;
			buildSettings = {
				ALWAYS_SEARCH_USER_PATHS = NO;
				CLANG_CXX_LANGUAGE_STANDARD = "gnu++0x";
				CLANG_CXX_LIBRARY = "libc++";
				CLANG_ENABLE_MODULES = YES;
				CLANG_ENABLE_OBJC_ARC = YES;
				CLANG_WARN_BOOL_CONVERSION = YES;
				CLANG_WARN_CONSTANT_CONVERSION = YES;
				CLANG_WARN_DIRECT_OBJC_ISA_USAGE = YES_ERROR;
				CLANG_WARN_EMPTY_BODY = YES;
				CLANG_WARN_ENUM_CONVERSION = YES;
				CLANG_WARN_INT_CONVERSION = YES;
				CLANG_WARN_OBJC_ROOT_CLASS = YES_ERROR;
				CLANG_WARN__DUPLICATE_METHOD_MATCH = YES;
				"CODE_SIGN_IDENTITY[sdk=iphoneos*]" = "iPhone Developer";
				COPY_PHASE_STRIP = YES;
				ENABLE_NS_ASSERTIONS = NO;
				GCC_C_LANGUAGE_STANDARD = gnu99;
				GCC_WARN_64_TO_32_BIT_CONVERSION = YES;
				GCC_WARN_ABOUT_RETURN_TYPE = YES_ERROR;
				GCC_WARN_UNDECLARED_SELECTOR = YES;
				GCC_WARN_UNINITIALIZED_AUTOS = YES_AGGRESSIVE;
				GCC_WARN_UNUSED_FUNCTION = YES;
				GCC_WARN_UNUSED_VARIABLE = YES;
				IPHONEOS_DEPLOYMENT_TARGET = 7.1;
				SDKROOT = iphoneos;
				VALIDATE_PRODUCT = YES;
			};
			name = Release;
		};
		22A9D40D196F56B900AF6DEB /* Debug */ = {
			isa = XCBuildConfiguration;
			baseConfigurationReference = 0D27BC48314D4EA7918AF464 /* Pods.xcconfig */;
			buildSettings = {
				ASSETCATALOG_COMPILER_APPICON_NAME = AppIcon;
				ASSETCATALOG_COMPILER_LAUNCHIMAGE_NAME = LaunchImage;
				CODE_SIGN_IDENTITY = "iPhone Developer";
				FRAMEWORK_SEARCH_PATHS = (
					"$(inherited)",
					"$(PROJECT_DIR)",
				);
				GCC_PRECOMPILE_PREFIX_HEADER = YES;
				GCC_PREFIX_HEADER = "NeoReach/NeoReach-Prefix.pch";
				INFOPLIST_FILE = "NeoReach/NeoReach-Info.plist";
				"OTHER_LDFLAGS[arch=*]" = "-ObjC";
				PRODUCT_NAME = "$(TARGET_NAME)";
				WRAPPER_EXTENSION = app;
			};
			name = Debug;
		};
		22A9D40E196F56B900AF6DEB /* Release */ = {
			isa = XCBuildConfiguration;
			baseConfigurationReference = 0D27BC48314D4EA7918AF464 /* Pods.xcconfig */;
			buildSettings = {
				ASSETCATALOG_COMPILER_APPICON_NAME = AppIcon;
				ASSETCATALOG_COMPILER_LAUNCHIMAGE_NAME = LaunchImage;
				CODE_SIGN_IDENTITY = "iPhone Developer";
				FRAMEWORK_SEARCH_PATHS = (
					"$(inherited)",
					"$(PROJECT_DIR)",
				);
				GCC_PRECOMPILE_PREFIX_HEADER = YES;
				GCC_PREFIX_HEADER = "NeoReach/NeoReach-Prefix.pch";
				INFOPLIST_FILE = "NeoReach/NeoReach-Info.plist";
				"OTHER_LDFLAGS[arch=*]" = "-ObjC";
				PRODUCT_NAME = "$(TARGET_NAME)";
				WRAPPER_EXTENSION = app;
			};
			name = Release;
		};
		22A9D410196F56B900AF6DEB /* Debug */ = {
			isa = XCBuildConfiguration;
			buildSettings = {
				BUNDLE_LOADER = "$(BUILT_PRODUCTS_DIR)/NeoReach.app/NeoReach";
				FRAMEWORK_SEARCH_PATHS = (
					"$(SDKROOT)/Developer/Library/Frameworks",
					"$(inherited)",
					"$(DEVELOPER_FRAMEWORKS_DIR)",
				);
				GCC_PRECOMPILE_PREFIX_HEADER = YES;
				GCC_PREFIX_HEADER = "NeoReach/NeoReach-Prefix.pch";
				GCC_PREPROCESSOR_DEFINITIONS = (
					"DEBUG=1",
					"$(inherited)",
				);
				INFOPLIST_FILE = "NeoReachTests/NeoReachTests-Info.plist";
				PRODUCT_NAME = "$(TARGET_NAME)";
				TEST_HOST = "$(BUNDLE_LOADER)";
				WRAPPER_EXTENSION = xctest;
			};
			name = Debug;
		};
		22A9D411196F56B900AF6DEB /* Release */ = {
			isa = XCBuildConfiguration;
			buildSettings = {
				BUNDLE_LOADER = "$(BUILT_PRODUCTS_DIR)/NeoReach.app/NeoReach";
				FRAMEWORK_SEARCH_PATHS = (
					"$(SDKROOT)/Developer/Library/Frameworks",
					"$(inherited)",
					"$(DEVELOPER_FRAMEWORKS_DIR)",
				);
				GCC_PRECOMPILE_PREFIX_HEADER = YES;
				GCC_PREFIX_HEADER = "NeoReach/NeoReach-Prefix.pch";
				INFOPLIST_FILE = "NeoReachTests/NeoReachTests-Info.plist";
				PRODUCT_NAME = "$(TARGET_NAME)";
				TEST_HOST = "$(BUNDLE_LOADER)";
				WRAPPER_EXTENSION = xctest;
			};
			name = Release;
		};
/* End XCBuildConfiguration section */

/* Begin XCConfigurationList section */
		22A9D3DB196F56B900AF6DEB /* Build configuration list for PBXProject "NeoReach" */ = {
			isa = XCConfigurationList;
			buildConfigurations = (
				22A9D40A196F56B900AF6DEB /* Debug */,
				22A9D40B196F56B900AF6DEB /* Release */,
			);
			defaultConfigurationIsVisible = 0;
			defaultConfigurationName = Release;
		};
		22A9D40C196F56B900AF6DEB /* Build configuration list for PBXNativeTarget "NeoReach" */ = {
			isa = XCConfigurationList;
			buildConfigurations = (
				22A9D40D196F56B900AF6DEB /* Debug */,
				22A9D40E196F56B900AF6DEB /* Release */,
			);
			defaultConfigurationIsVisible = 0;
			defaultConfigurationName = Release;
		};
		22A9D40F196F56B900AF6DEB /* Build configuration list for PBXNativeTarget "NeoReachTests" */ = {
			isa = XCConfigurationList;
			buildConfigurations = (
				22A9D410196F56B900AF6DEB /* Debug */,
				22A9D411196F56B900AF6DEB /* Release */,
			);
			defaultConfigurationIsVisible = 0;
			defaultConfigurationName = Release;
		};
/* End XCConfigurationList section */
	};
	rootObject = 22A9D3D8196F56B900AF6DEB /* Project object */;
}
